// !$*UTF8*$!
{
	archiveVersion = 1;
	classes = {
	};
	objectVersion = 50;
	objects = {

/* Begin PBXBuildFile section */
		1117D00E417096AAD7C40687 /* XCConfigurationList.m in Sources */ = {isa = PBXBuildFile; fileRef = 1117DD40F15C0A31FEA7645C /* XCConfigurationList.m */; };
		1117D0320E47956BB843FE1C /* PBXGroup.h in Headers */ = {isa = PBXBuildFile; fileRef = 1117D3D63676B08B0532B8B1 /* PBXGroup.h */; settings = {ATTRIBUTES = (Public, ); }; };
		1117D0A444E03F759AC22FD2 /* NSScanner+Moscow.h in Headers */ = {isa = PBXBuildFile; fileRef = 1117D475243EDB11F72EAED4 /* NSScanner+Moscow.h */; settings = {ATTRIBUTES = (Public, ); }; };
		1117D100224C7813E91ED305 /* PBXFrameworksBuildPhase.m in Sources */ = {isa = PBXBuildFile; fileRef = 1117D95F1C0420644CAC1E52 /* PBXFrameworksBuildPhase.m */; };
		1117D199D4FA1DAAEB230A3A /* PBXSourcesBuildPhase.m in Sources */ = {isa = PBXBuildFile; fileRef = 1117D07540C76FD128476F36 /* PBXSourcesBuildPhase.m */; };
		1117D1C797CBB511BD2287DD /* PBXSourcesBuildPhase.h in Headers */ = {isa = PBXBuildFile; fileRef = 1117DC3F18DDF2B8454CC291 /* PBXSourcesBuildPhase.h */; settings = {ATTRIBUTES = (Public, ); }; };
		1117D1F9D5D1BF0CCA3D59A3 /* NSData+Moscow.h in Headers */ = {isa = PBXBuildFile; fileRef = 1117DA35C47012CCF877E88D /* NSData+Moscow.h */; settings = {ATTRIBUTES = (Public, ); }; };
		1117D1FB6A2A123A483E2B06 /* PBXHeadersBuildPhase.h in Headers */ = {isa = PBXBuildFile; fileRef = 1117D023A3846D53488A1DDD /* PBXHeadersBuildPhase.h */; settings = {ATTRIBUTES = (Public, ); }; };
		1117D2226A7F97750B33B29D /* PGBool.m in Sources */ = {isa = PBXBuildFile; fileRef = 1117DE9CC3AA67BCB92F526B /* PGBool.m */; };
		1117D227A341D98188E6854D /* Tests.m in Sources */ = {isa = PBXBuildFile; fileRef = 1117D50CB4803945840E84BC /* Tests.m */; };
		1117D22B0D2DD85534E4EDEC /* PBXFrameworksBuildPhase.h in Headers */ = {isa = PBXBuildFile; fileRef = 1117DE9F6A17CE87E1337AD6 /* PBXFrameworksBuildPhase.h */; settings = {ATTRIBUTES = (Public, ); }; };
		1117D236FD19235B90203B60 /* PBXTarget+PBXBuilder.m in Sources */ = {isa = PBXBuildFile; fileRef = 1117D80A52674D8242ED9722 /* PBXTarget+PBXBuilder.m */; };
		1117D25E26CCF2C27D4C94AD /* PBXShellScriptBuildPhase.m in Sources */ = {isa = PBXBuildFile; fileRef = 1117D1C3490B1FC43AD0ABCD /* PBXShellScriptBuildPhase.m */; };
		1117D2DFBCEF3C0CDC5D0684 /* PBXAggregateTarget.m in Sources */ = {isa = PBXBuildFile; fileRef = 1117D5E62FF61A23C17291DC /* PBXAggregateTarget.m */; };
		1117D33B865C3E250A29DAC4 /* PBXBuildFile.h in Headers */ = {isa = PBXBuildFile; fileRef = 1117D7DB3CB2BD8BEAF7FF43 /* PBXBuildFile.h */; settings = {ATTRIBUTES = (Public, ); }; };
		1117D350419B3CA9A5FB9962 /* PBXCopyFilesBuildPhase.h in Headers */ = {isa = PBXBuildFile; fileRef = 1117D2BB4C35D2B27BDFC9C4 /* PBXCopyFilesBuildPhase.h */; settings = {ATTRIBUTES = (Public, ); }; };
		1117D3579CC18EE9BCB37213 /* NSRegularExpression+Moscow.m in Sources */ = {isa = PBXBuildFile; fileRef = 1117D1F751602114B44BD467 /* NSRegularExpression+Moscow.m */; };
		1117D384023DF0B0F32E48E5 /* PBXContainerItemProxy.m in Sources */ = {isa = PBXBuildFile; fileRef = 1117D241A5603A238ADEEF16 /* PBXContainerItemProxy.m */; };
		1117D38B3DCD4509131BB7B9 /* PBXAggregateTarget.h in Headers */ = {isa = PBXBuildFile; fileRef = 1117D60B10EBB5F947D27ABD /* PBXAggregateTarget.h */; settings = {ATTRIBUTES = (Public, ); }; };
		1117D3DDBDA7C47E9C28FBC4 /* PBXItem.h in Headers */ = {isa = PBXBuildFile; fileRef = 1117D250D3A2952935DB4F92 /* PBXItem.h */; settings = {ATTRIBUTES = (Public, ); }; };
		1117D41AC8087777043C7FB8 /* PBXBuildPhase.h in Headers */ = {isa = PBXBuildFile; fileRef = 1117D9FC9C8821CB054613A0 /* PBXBuildPhase.h */; settings = {ATTRIBUTES = (Public, ); }; };
		1117D42EB90895042EF598C9 /* GNUstepInfo.m in Sources */ = {isa = PBXBuildFile; fileRef = 1117D7BF1BFDE2B32DC0CC18 /* GNUstepInfo.m */; };
		1117D43AEA2DAB68299B051C /* PBXFileElement.m in Sources */ = {isa = PBXBuildFile; fileRef = 1117D185CEF64CC4C899EA52 /* PBXFileElement.m */; };
		1117D43D720ECF1A2A922CB4 /* NSString+Moscow.h in Headers */ = {isa = PBXBuildFile; fileRef = 1117DF33633E287BCC2A71D4 /* NSString+Moscow.h */; settings = {ATTRIBUTES = (Public, ); }; };
		1117D45078AB4EBC41CAEA3C /* NSMutableArray+Moscow.m in Sources */ = {isa = PBXBuildFile; fileRef = 1117D97DB6D481D10BF8EB42 /* NSMutableArray+Moscow.m */; };
		1117D49E538A10B57673394C /* PBXResourcesBuildPhase.m in Sources */ = {isa = PBXBuildFile; fileRef = 1117DB4C9C5CF1EEF13A14C8 /* PBXResourcesBuildPhase.m */; };
		1117D4DE43051804E982B94D /* PBXFileReference.m in Sources */ = {isa = PBXBuildFile; fileRef = 1117D3BF5FF1DD90267EC33E /* PBXFileReference.m */; };
		1117D4F234F8BFD66FE1D9DD /* NSString+Moscow.m in Sources */ = {isa = PBXBuildFile; fileRef = 1117DB4D04DC08A66EAAEF66 /* NSString+Moscow.m */; };
		1117D511C61D8EA2454A7BC3 /* PBXLegacyTarget.h in Headers */ = {isa = PBXBuildFile; fileRef = 1117DAF15BB09C93919333E5 /* PBXLegacyTarget.h */; settings = {ATTRIBUTES = (Public, ); }; };
		1117D538B17754ABE09C5604 /* PBXVariantGroup.h in Headers */ = {isa = PBXBuildFile; fileRef = 1117DD615A681AF8C3D22DD9 /* PBXVariantGroup.h */; settings = {ATTRIBUTES = (Public, ); }; };
		1117D595FB357B711CE6EFC2 /* PBXCopyFilesBuildPhase.m in Sources */ = {isa = PBXBuildFile; fileRef = 1117DC9C964AEE0421178951 /* PBXCopyFilesBuildPhase.m */; };
		1117D5DD22894CABA61514A2 /* NSRegularExpression+Moscow.h in Headers */ = {isa = PBXBuildFile; fileRef = 1117DAACE59CFD6C7C7188C1 /* NSRegularExpression+Moscow.h */; settings = {ATTRIBUTES = (Public, ); }; };
		1117D5FAC34979742EF60CF6 /* PBXNativeTarget+PBXBuilder.m in Sources */ = {isa = PBXBuildFile; fileRef = 1117D44AA919CF2E8CC757AF /* PBXNativeTarget+PBXBuilder.m */; };
		1117D63B77A7E763587A8DF2 /* XCConfigurationList.h in Headers */ = {isa = PBXBuildFile; fileRef = 1117DDD40803A22835BE8D24 /* XCConfigurationList.h */; settings = {ATTRIBUTES = (Public, ); }; };
		1117D6437332E55B30F8F3A0 /* PGExecute.h in Headers */ = {isa = PBXBuildFile; fileRef = 1117DBEA260CC44C14E3D0A1 /* PGExecute.h */; settings = {ATTRIBUTES = (Public, ); }; };
		1117D64AE18B6F118812C1A6 /* PGExecute.m in Sources */ = {isa = PBXBuildFile; fileRef = 1117D1313208EC4480BE833A /* PGExecute.m */; };
		1117D65039C2F9EED6B6B2F0 /* NSScanner+Moscow.m in Sources */ = {isa = PBXBuildFile; fileRef = 1117D26D95FE63B4D1F2945E /* NSScanner+Moscow.m */; };
		1117D6A7CCB55EF26FC40B3E /* PBXProjectFile.m in Sources */ = {isa = PBXBuildFile; fileRef = 1117DE9D1C9DADCAD627DF6F /* PBXProjectFile.m */; };
		1117D6BE0A9285206B000B06 /* PBXTarget.h in Headers */ = {isa = PBXBuildFile; fileRef = 1117D29C921994A1775BDC67 /* PBXTarget.h */; settings = {ATTRIBUTES = (Public, ); }; };
		1117D6DAA625AEEE01F95956 /* PBXFileElement.h in Headers */ = {isa = PBXBuildFile; fileRef = 1117D66D2903769B7803E5AD /* PBXFileElement.h */; settings = {ATTRIBUTES = (Public, ); }; };
		1117D6EB4D7C3EF3EE1CF774 /* PBXFileReference.h in Headers */ = {isa = PBXBuildFile; fileRef = 1117DD6FFD9B35DBB084E95E /* PBXFileReference.h */; settings = {ATTRIBUTES = (Public, ); }; };
		1117D6ED27A1651F209A37AD /* PBXTarget.m in Sources */ = {isa = PBXBuildFile; fileRef = 1117D4A80DF8B12D3C4B1F45 /* PBXTarget.m */; };
		1117D75EB0CEBA75ADD782DD /* PBXTools.m in Sources */ = {isa = PBXBuildFile; fileRef = 1117D4C4F993E676E6487A24 /* PBXTools.m */; };
		1117D79385EB99910495BC7C /* NSFileManager+Moscow.m in Sources */ = {isa = PBXBuildFile; fileRef = 1117D352604C289725522805 /* NSFileManager+Moscow.m */; };
		1117D7B892DBB1E175B39658 /* PBXProjectFile.h in Headers */ = {isa = PBXBuildFile; fileRef = 1117D23DD01E435445FB0C51 /* PBXProjectFile.h */; settings = {ATTRIBUTES = (Public, ); }; };
		1117D7FA1B8089839862A133 /* PBXContainerItemProxy.h in Headers */ = {isa = PBXBuildFile; fileRef = 1117DA984BC1A42DB2F02160 /* PBXContainerItemProxy.h */; settings = {ATTRIBUTES = (Public, ); }; };
		1117D81276B1160E145297EC /* PBXResourcesBuildPhase.h in Headers */ = {isa = PBXBuildFile; fileRef = 1117DAF3C26965F048EB37AC /* PBXResourcesBuildPhase.h */; settings = {ATTRIBUTES = (Public, ); }; };
		1117D8351D5CC9FAE63ED9F6 /* PBXBuilderErrorMessages.m in Sources */ = {isa = PBXBuildFile; fileRef = 1117D610C9D87602E2A084EC /* PBXBuilderErrorMessages.m */; };
		1117D87AF9DBDBA2B67DFBB6 /* PBXShellScriptBuildPhase.h in Headers */ = {isa = PBXBuildFile; fileRef = 1117D92DC5B71238EA841518 /* PBXShellScriptBuildPhase.h */; settings = {ATTRIBUTES = (Public, ); }; };
		1117D87CF9D8F8D6797FC830 /* PBXBuildPhase.m in Sources */ = {isa = PBXBuildFile; fileRef = 1117D3F95229E211675E3E1A /* PBXBuildPhase.m */; };
		1117D8D3A333151BDBE6B82E /* PGBool.h in Headers */ = {isa = PBXBuildFile; fileRef = 1117DF5ABE9E759A2AEB8B89 /* PGBool.h */; settings = {ATTRIBUTES = (Public, ); }; };
		1117D95641643057FC277D16 /* PBXStrings.m in Sources */ = {isa = PBXBuildFile; fileRef = 1117D0BBB198583B5033811F /* PBXStrings.m */; };
		1117DA2BAACB566D4C8D395B /* NSMutableArray+Moscow.h in Headers */ = {isa = PBXBuildFile; fileRef = 1117D4CE2C866A189D4CAFC6 /* NSMutableArray+Moscow.h */; settings = {ATTRIBUTES = (Public, ); }; };
		1117DA392DA51C4488FF72D5 /* XCBuildConfiguration.m in Sources */ = {isa = PBXBuildFile; fileRef = 1117D765CDF5534CD55A2B80 /* XCBuildConfiguration.m */; };
		1117DA4F71C1F04AB7AE6766 /* NSFileManager+Moscow.h in Headers */ = {isa = PBXBuildFile; fileRef = 1117DE6DDCFF12D2D9ADA2F6 /* NSFileManager+Moscow.h */; settings = {ATTRIBUTES = (Public, ); }; };
		1117DA594D102E0DEA7D0958 /* PBXAppleScriptBuildPhase.h in Headers */ = {isa = PBXBuildFile; fileRef = 1117D7B0C1414783EE69BBE7 /* PBXAppleScriptBuildPhase.h */; settings = {ATTRIBUTES = (Public, ); }; };
		1117DAEDA165B6C0D488EBF0 /* PBXVariantGroup.m in Sources */ = {isa = PBXBuildFile; fileRef = 1117D36711304D750673F6AF /* PBXVariantGroup.m */; };
		1117DB077B632565C88E3448 /* PBXRunInfo.m in Sources */ = {isa = PBXBuildFile; fileRef = 1117DC75D7BED83031E6C47F /* PBXRunInfo.m */; };
		1117DB29CA4ECBD6E07B92D5 /* PBXHeadersBuildPhase.m in Sources */ = {isa = PBXBuildFile; fileRef = 1117DA4C990459CD92C20437 /* PBXHeadersBuildPhase.m */; };
		1117DBAC6571A55E9F76747C /* PBXBuildFile.m in Sources */ = {isa = PBXBuildFile; fileRef = 1117D203BC1EBEF34E55295A /* PBXBuildFile.m */; };
		1117DC13835DA2227D33A7D3 /* PBXNativeTarget.m in Sources */ = {isa = PBXBuildFile; fileRef = 1117DDF9822F1E82D4762BE9 /* PBXNativeTarget.m */; };
		1117DC294507FAB5756D1B66 /* PBXAppleScriptBuildPhase.m in Sources */ = {isa = PBXBuildFile; fileRef = 1117D06EE89AB70368A00D3B /* PBXAppleScriptBuildPhase.m */; };
		1117DCB41682560D91D4A159 /* XCBuildConfiguration.h in Headers */ = {isa = PBXBuildFile; fileRef = 1117D085F238B39EF20474BB /* XCBuildConfiguration.h */; settings = {ATTRIBUTES = (Public, ); }; };
		1117DCFF615A520A4FBF018E /* PBXItem.m in Sources */ = {isa = PBXBuildFile; fileRef = 1117D7DE1E0A4802AA39D97F /* PBXItem.m */; };
		1117DD371C31B357C34C6E19 /* PBXTargetDependency.m in Sources */ = {isa = PBXBuildFile; fileRef = 1117D0E6328E9752489B41D4 /* PBXTargetDependency.m */; };
		1117DDE409EBCFA050CB7B54 /* PBXTargetDependency.h in Headers */ = {isa = PBXBuildFile; fileRef = 1117DDE29F95395F83425ACC /* PBXTargetDependency.h */; settings = {ATTRIBUTES = (Public, ); }; };
		1117DDF248630026BA265B1B /* PGCmdLine.h in Headers */ = {isa = PBXBuildFile; fileRef = 1117D8512AF1AC28C7D3DC67 /* PGCmdLine.h */; settings = {ATTRIBUTES = (Public, ); }; };
		1117DE10E7A18F589EAF70CB /* PBXProject.m in Sources */ = {isa = PBXBuildFile; fileRef = 1117D3591C1E4899179E1D30 /* PBXProject.m */; };
		1117DE3BF6B496F661D599A0 /* PBXGroup.m in Sources */ = {isa = PBXBuildFile; fileRef = 1117DD20800FFE368F535032 /* PBXGroup.m */; };
		1117DE7319D91941CDACF693 /* PBXNativeTarget.h in Headers */ = {isa = PBXBuildFile; fileRef = 1117DD5D7B75243608FDD913 /* PBXNativeTarget.h */; settings = {ATTRIBUTES = (Public, ); }; };
		1117DEA34C3F0E246141A6A2 /* NSData+Moscow.m in Sources */ = {isa = PBXBuildFile; fileRef = 1117D06D3346CA3B6E871945 /* NSData+Moscow.m */; };
		1117DEB29C7C38C8589A7D7B /* PGCmdLine.m in Sources */ = {isa = PBXBuildFile; fileRef = 1117D80617543814EDE7EE10 /* PGCmdLine.m */; };
		1117DECAA9C374EE894255F8 /* PBXProject.h in Headers */ = {isa = PBXBuildFile; fileRef = 1117DA1848D6F5F5D2E72841 /* PBXProject.h */; settings = {ATTRIBUTES = (Public, ); }; };
		1117DF28B3224434A0B71BF7 /* PBXFileElementTypes.h in Headers */ = {isa = PBXBuildFile; fileRef = 1117D90BF4990C94920D4413 /* PBXFileElementTypes.h */; settings = {ATTRIBUTES = (Public, ); }; };
		1117DF586EFF700CC12921BA /* PBXLegacyTarget.m in Sources */ = {isa = PBXBuildFile; fileRef = 1117D9A87E94FE1A27BCF8C7 /* PBXLegacyTarget.m */; };
		832E0CE0239852250048185F /* PBX.h in Headers */ = {isa = PBXBuildFile; fileRef = 832E0CDE239852250048185F /* PBX.h */; settings = {ATTRIBUTES = (Public, ); }; };
		8349E44D238449FB00274FDF /* Moscow.framework in Frameworks */ = {isa = PBXBuildFile; fileRef = 839B512223806C2600662BA3 /* Moscow.framework */; };
		839B512623806C2600662BA3 /* Moscow.h in Headers */ = {isa = PBXBuildFile; fileRef = 839B512423806C2600662BA3 /* Moscow.h */; settings = {ATTRIBUTES = (Public, ); }; };
		839B513223806D1800662BA3 /* Tools.m in Sources */ = {isa = PBXBuildFile; fileRef = 1117DE6B249B85831991F8AE /* Tools.m */; };
		839B513323806D1800662BA3 /* Tools.h in Headers */ = {isa = PBXBuildFile; fileRef = 1117DB05B8FA099CFA2EBD24 /* Tools.h */; settings = {ATTRIBUTES = (Public, ); }; };
		83E1B3972370808500427C23 /* main.m in Sources */ = {isa = PBXBuildFile; fileRef = 83E1B3962370808500427C23 /* main.m */; };
		83FAA4FA239ABFC7004A2650 /* PBX.framework in Frameworks */ = {isa = PBXBuildFile; fileRef = 832E0CDC239852250048185F /* PBX.framework */; };
		83FAA4FB239ABFE2004A2650 /* Moscow.framework in Frameworks */ = {isa = PBXBuildFile; fileRef = 839B512223806C2600662BA3 /* Moscow.framework */; };
/* End PBXBuildFile section */

/* Begin PBXContainerItemProxy section */
		832E0CE4239852330048185F /* PBXContainerItemProxy */ = {
			isa = PBXContainerItemProxy;
			containerPortal = 83E1B38B2370808500427C23 /* Project object */;
			proxyType = 1;
			remoteGlobalIDString = 839B512123806C2600662BA3;
			remoteInfo = Moscow;
		};
		832E0CE62398525A0048185F /* PBXContainerItemProxy */ = {
			isa = PBXContainerItemProxy;
			containerPortal = 83E1B38B2370808500427C23 /* Project object */;
			proxyType = 1;
			remoteGlobalIDString = 832E0CDB239852250048185F;
			remoteInfo = PBX;
		};
		8349E44E23844A0000274FDF /* PBXContainerItemProxy */ = {
			isa = PBXContainerItemProxy;
			containerPortal = 83E1B38B2370808500427C23 /* Project object */;
			proxyType = 1;
			remoteGlobalIDString = 839B512123806C2600662BA3;
			remoteInfo = Moscow;
		};
/* End PBXContainerItemProxy section */

/* Begin PBXCopyFilesBuildPhase section */
		839B513123806C6C00662BA3 /* Embed Frameworks */ = {
			isa = PBXCopyFilesBuildPhase;
			buildActionMask = 2147483647;
			dstPath = "";
			dstSubfolderSpec = 10;
			files = (
			);
			name = "Embed Frameworks";
			runOnlyForDeploymentPostprocessing = 0;
		};
		83E1B3912370808500427C23 /* CopyFiles */ = {
			isa = PBXCopyFilesBuildPhase;
			buildActionMask = 2147483647;
			dstPath = /usr/share/man/man1/;
			dstSubfolderSpec = 0;
			files = (
			);
			runOnlyForDeploymentPostprocessing = 1;
		};
/* End PBXCopyFilesBuildPhase section */

/* Begin PBXFileReference section */
		1117D023A3846D53488A1DDD /* PBXHeadersBuildPhase.h */ = {isa = PBXFileReference; fileEncoding = 4; lastKnownFileType = sourcecode.c.h; path = PBXHeadersBuildPhase.h; sourceTree = "<group>"; };
		1117D06D3346CA3B6E871945 /* NSData+Moscow.m */ = {isa = PBXFileReference; fileEncoding = 4; lastKnownFileType = sourcecode.c.objc; path = "NSData+Moscow.m"; sourceTree = "<group>"; };
		1117D06EE89AB70368A00D3B /* PBXAppleScriptBuildPhase.m */ = {isa = PBXFileReference; fileEncoding = 4; lastKnownFileType = sourcecode.c.objc; path = PBXAppleScriptBuildPhase.m; sourceTree = "<group>"; };
		1117D07540C76FD128476F36 /* PBXSourcesBuildPhase.m */ = {isa = PBXFileReference; fileEncoding = 4; lastKnownFileType = sourcecode.c.objc; path = PBXSourcesBuildPhase.m; sourceTree = "<group>"; };
		1117D085F238B39EF20474BB /* XCBuildConfiguration.h */ = {isa = PBXFileReference; fileEncoding = 4; lastKnownFileType = sourcecode.c.h; path = XCBuildConfiguration.h; sourceTree = "<group>"; };
		1117D0B4746D40CE2DC20D5C /* Ld.xcspec */ = {isa = PBXFileReference; fileEncoding = 4; lastKnownFileType = text.plist.xcspec; path = Ld.xcspec; sourceTree = "<group>"; };
		1117D0BBB198583B5033811F /* PBXStrings.m */ = {isa = PBXFileReference; fileEncoding = 4; lastKnownFileType = sourcecode.c.objc; path = PBXStrings.m; sourceTree = "<group>"; };
		1117D0E6328E9752489B41D4 /* PBXTargetDependency.m */ = {isa = PBXFileReference; fileEncoding = 4; lastKnownFileType = sourcecode.c.objc; path = PBXTargetDependency.m; sourceTree = "<group>"; };
		1117D112D33F1583A77A8596 /* sample.txt */ = {isa = PBXFileReference; fileEncoding = 4; lastKnownFileType = text; path = sample.txt; sourceTree = "<group>"; };
		1117D1313208EC4480BE833A /* PGExecute.m */ = {isa = PBXFileReference; fileEncoding = 4; lastKnownFileType = sourcecode.c.objc; path = PGExecute.m; sourceTree = "<group>"; };
		1117D185CEF64CC4C899EA52 /* PBXFileElement.m */ = {isa = PBXFileReference; fileEncoding = 4; lastKnownFileType = sourcecode.c.objc; path = PBXFileElement.m; sourceTree = "<group>"; };
		1117D1C3490B1FC43AD0ABCD /* PBXShellScriptBuildPhase.m */ = {isa = PBXFileReference; fileEncoding = 4; lastKnownFileType = sourcecode.c.objc; path = PBXShellScriptBuildPhase.m; sourceTree = "<group>"; };
		1117D1F751602114B44BD467 /* NSRegularExpression+Moscow.m */ = {isa = PBXFileReference; fileEncoding = 4; lastKnownFileType = sourcecode.c.objc; path = "NSRegularExpression+Moscow.m"; sourceTree = "<group>"; };
		1117D203BC1EBEF34E55295A /* PBXBuildFile.m */ = {isa = PBXFileReference; fileEncoding = 4; lastKnownFileType = sourcecode.c.objc; path = PBXBuildFile.m; sourceTree = "<group>"; };
		1117D23DD01E435445FB0C51 /* PBXProjectFile.h */ = {isa = PBXFileReference; fileEncoding = 4; lastKnownFileType = sourcecode.c.h; path = PBXProjectFile.h; sourceTree = "<group>"; };
		1117D241A5603A238ADEEF16 /* PBXContainerItemProxy.m */ = {isa = PBXFileReference; fileEncoding = 4; lastKnownFileType = sourcecode.c.objc; path = PBXContainerItemProxy.m; sourceTree = "<group>"; };
		1117D250D3A2952935DB4F92 /* PBXItem.h */ = {isa = PBXFileReference; fileEncoding = 4; lastKnownFileType = sourcecode.c.h; path = PBXItem.h; sourceTree = "<group>"; };
		1117D26D95FE63B4D1F2945E /* NSScanner+Moscow.m */ = {isa = PBXFileReference; fileEncoding = 4; lastKnownFileType = sourcecode.c.objc; path = "NSScanner+Moscow.m"; sourceTree = "<group>"; };
		1117D29C921994A1775BDC67 /* PBXTarget.h */ = {isa = PBXFileReference; fileEncoding = 4; lastKnownFileType = sourcecode.c.h; path = PBXTarget.h; sourceTree = "<group>"; };
		1117D2BB4C35D2B27BDFC9C4 /* PBXCopyFilesBuildPhase.h */ = {isa = PBXFileReference; fileEncoding = 4; lastKnownFileType = sourcecode.c.h; path = PBXCopyFilesBuildPhase.h; sourceTree = "<group>"; };
		1117D352604C289725522805 /* NSFileManager+Moscow.m */ = {isa = PBXFileReference; fileEncoding = 4; lastKnownFileType = sourcecode.c.objc; path = "NSFileManager+Moscow.m"; sourceTree = "<group>"; };
		1117D3574A2BBE51A1EED4C7 /* PBXStrings.h */ = {isa = PBXFileReference; fileEncoding = 4; lastKnownFileType = sourcecode.c.h; path = PBXStrings.h; sourceTree = "<group>"; };
		1117D3591C1E4899179E1D30 /* PBXProject.m */ = {isa = PBXFileReference; fileEncoding = 4; lastKnownFileType = sourcecode.c.objc; path = PBXProject.m; sourceTree = "<group>"; };
		1117D36711304D750673F6AF /* PBXVariantGroup.m */ = {isa = PBXFileReference; fileEncoding = 4; lastKnownFileType = sourcecode.c.objc; path = PBXVariantGroup.m; sourceTree = "<group>"; };
		1117D3BF5FF1DD90267EC33E /* PBXFileReference.m */ = {isa = PBXFileReference; fileEncoding = 4; lastKnownFileType = sourcecode.c.objc; path = PBXFileReference.m; sourceTree = "<group>"; };
		1117D3D63676B08B0532B8B1 /* PBXGroup.h */ = {isa = PBXFileReference; fileEncoding = 4; lastKnownFileType = sourcecode.c.h; path = PBXGroup.h; sourceTree = "<group>"; };
		1117D3F95229E211675E3E1A /* PBXBuildPhase.m */ = {isa = PBXFileReference; fileEncoding = 4; lastKnownFileType = sourcecode.c.objc; path = PBXBuildPhase.m; sourceTree = "<group>"; };
		1117D4063BADBB8D427742D9 /* PBXBuilderTypes.h */ = {isa = PBXFileReference; fileEncoding = 4; lastKnownFileType = sourcecode.c.h; path = PBXBuilderTypes.h; sourceTree = "<group>"; };
		1117D44AA919CF2E8CC757AF /* PBXNativeTarget+PBXBuilder.m */ = {isa = PBXFileReference; fileEncoding = 4; lastKnownFileType = sourcecode.c.objc; path = "PBXNativeTarget+PBXBuilder.m"; sourceTree = "<group>"; };
		1117D475243EDB11F72EAED4 /* NSScanner+Moscow.h */ = {isa = PBXFileReference; fileEncoding = 4; lastKnownFileType = sourcecode.c.h; path = "NSScanner+Moscow.h"; sourceTree = "<group>"; };
		1117D4A80DF8B12D3C4B1F45 /* PBXTarget.m */ = {isa = PBXFileReference; fileEncoding = 4; lastKnownFileType = sourcecode.c.objc; path = PBXTarget.m; sourceTree = "<group>"; };
		1117D4C4F993E676E6487A24 /* PBXTools.m */ = {isa = PBXFileReference; fileEncoding = 4; lastKnownFileType = sourcecode.c.objc; path = PBXTools.m; sourceTree = "<group>"; };
		1117D4CE2C866A189D4CAFC6 /* NSMutableArray+Moscow.h */ = {isa = PBXFileReference; fileEncoding = 4; lastKnownFileType = sourcecode.c.h; path = "NSMutableArray+Moscow.h"; sourceTree = "<group>"; };
		1117D50CB4803945840E84BC /* Tests.m */ = {isa = PBXFileReference; fileEncoding = 4; lastKnownFileType = sourcecode.c.objc; path = Tests.m; sourceTree = "<group>"; };
		1117D5D141B3AFD8CDBA4898 /* ClassOverview.docx */ = {isa = PBXFileReference; lastKnownFileType = file.docx; path = ClassOverview.docx; sourceTree = "<group>"; };
		1117D5E62FF61A23C17291DC /* PBXAggregateTarget.m */ = {isa = PBXFileReference; fileEncoding = 4; lastKnownFileType = sourcecode.c.objc; path = PBXAggregateTarget.m; sourceTree = "<group>"; };
		1117D60B10EBB5F947D27ABD /* PBXAggregateTarget.h */ = {isa = PBXFileReference; fileEncoding = 4; lastKnownFileType = sourcecode.c.h; path = PBXAggregateTarget.h; sourceTree = "<group>"; };
		1117D610C9D87602E2A084EC /* PBXBuilderErrorMessages.m */ = {isa = PBXFileReference; fileEncoding = 4; lastKnownFileType = sourcecode.c.objc; path = PBXBuilderErrorMessages.m; sourceTree = "<group>"; };
		1117D657E37085B8E000CFFC /* SendToServer.sh */ = {isa = PBXFileReference; fileEncoding = 4; lastKnownFileType = text.script.sh; path = SendToServer.sh; sourceTree = "<group>"; };
		1117D66D2903769B7803E5AD /* PBXFileElement.h */ = {isa = PBXFileReference; fileEncoding = 4; lastKnownFileType = sourcecode.c.h; path = PBXFileElement.h; sourceTree = "<group>"; };
		1117D68F1CF190F077AAE644 /* Moscow_GNUstep_vers.c */ = {isa = PBXFileReference; fileEncoding = 4; lastKnownFileType = sourcecode.c.c; path = Moscow_GNUstep_vers.c; sourceTree = "<group>"; };
		1117D765CDF5534CD55A2B80 /* XCBuildConfiguration.m */ = {isa = PBXFileReference; fileEncoding = 4; lastKnownFileType = sourcecode.c.objc; path = XCBuildConfiguration.m; sourceTree = "<group>"; };
		1117D7B0C1414783EE69BBE7 /* PBXAppleScriptBuildPhase.h */ = {isa = PBXFileReference; fileEncoding = 4; lastKnownFileType = sourcecode.c.h; path = PBXAppleScriptBuildPhase.h; sourceTree = "<group>"; };
		1117D7BF1BFDE2B32DC0CC18 /* GNUstepInfo.m */ = {isa = PBXFileReference; fileEncoding = 4; lastKnownFileType = sourcecode.c.objc; path = GNUstepInfo.m; sourceTree = "<group>"; };
		1117D7DB3CB2BD8BEAF7FF43 /* PBXBuildFile.h */ = {isa = PBXFileReference; fileEncoding = 4; lastKnownFileType = sourcecode.c.h; path = PBXBuildFile.h; sourceTree = "<group>"; };
		1117D7DE1E0A4802AA39D97F /* PBXItem.m */ = {isa = PBXFileReference; fileEncoding = 4; lastKnownFileType = sourcecode.c.objc; path = PBXItem.m; sourceTree = "<group>"; };
		1117D80617543814EDE7EE10 /* PGCmdLine.m */ = {isa = PBXFileReference; fileEncoding = 4; lastKnownFileType = sourcecode.c.objc; path = PGCmdLine.m; sourceTree = "<group>"; };
		1117D80A52674D8242ED9722 /* PBXTarget+PBXBuilder.m */ = {isa = PBXFileReference; fileEncoding = 4; lastKnownFileType = sourcecode.c.objc; path = "PBXTarget+PBXBuilder.m"; sourceTree = "<group>"; };
		1117D8374C061266D853CB13 /* Swift.xcspec */ = {isa = PBXFileReference; fileEncoding = 4; lastKnownFileType = text.plist.xcspec; path = Swift.xcspec; sourceTree = "<group>"; };
		1117D8512AF1AC28C7D3DC67 /* PGCmdLine.h */ = {isa = PBXFileReference; fileEncoding = 4; lastKnownFileType = sourcecode.c.h; path = PGCmdLine.h; sourceTree = "<group>"; };
		1117D8627AEF17859F1D2E34 /* build.sh */ = {isa = PBXFileReference; fileEncoding = 4; lastKnownFileType = text.script.sh; path = build.sh; sourceTree = "<group>"; };
		1117D87A33CEC6344825646F /* defines.h */ = {isa = PBXFileReference; fileEncoding = 4; lastKnownFileType = sourcecode.c.h; path = defines.h; sourceTree = "<group>"; };
		1117D90BF4990C94920D4413 /* PBXFileElementTypes.h */ = {isa = PBXFileReference; fileEncoding = 4; lastKnownFileType = sourcecode.c.h; path = PBXFileElementTypes.h; sourceTree = "<group>"; };
		1117D90F882A6895A9DA4CAC /* PBXTools.h */ = {isa = PBXFileReference; fileEncoding = 4; lastKnownFileType = sourcecode.c.h; path = PBXTools.h; sourceTree = "<group>"; };
		1117D92BF911EF7D5D9211CE /* PBX_GNUstep_vers.c */ = {isa = PBXFileReference; fileEncoding = 4; lastKnownFileType = sourcecode.c.c; path = PBX_GNUstep_vers.c; sourceTree = "<group>"; };
		1117D92DC5B71238EA841518 /* PBXShellScriptBuildPhase.h */ = {isa = PBXFileReference; fileEncoding = 4; lastKnownFileType = sourcecode.c.h; path = PBXShellScriptBuildPhase.h; sourceTree = "<group>"; };
		1117D95F1C0420644CAC1E52 /* PBXFrameworksBuildPhase.m */ = {isa = PBXFileReference; fileEncoding = 4; lastKnownFileType = sourcecode.c.objc; path = PBXFrameworksBuildPhase.m; sourceTree = "<group>"; };
		1117D97DB6D481D10BF8EB42 /* NSMutableArray+Moscow.m */ = {isa = PBXFileReference; fileEncoding = 4; lastKnownFileType = sourcecode.c.objc; path = "NSMutableArray+Moscow.m"; sourceTree = "<group>"; };
		1117D9A87E94FE1A27BCF8C7 /* PBXLegacyTarget.m */ = {isa = PBXFileReference; fileEncoding = 4; lastKnownFileType = sourcecode.c.objc; path = PBXLegacyTarget.m; sourceTree = "<group>"; };
		1117D9FC9C8821CB054613A0 /* PBXBuildPhase.h */ = {isa = PBXFileReference; fileEncoding = 4; lastKnownFileType = sourcecode.c.h; path = PBXBuildPhase.h; sourceTree = "<group>"; };
		1117DA1848D6F5F5D2E72841 /* PBXProject.h */ = {isa = PBXFileReference; fileEncoding = 4; lastKnownFileType = sourcecode.c.h; path = PBXProject.h; sourceTree = "<group>"; };
		1117DA21A8D95A4F700D8C61 /* README.md */ = {isa = PBXFileReference; fileEncoding = 4; lastKnownFileType = net.daringfireball.markdown; path = README.md; sourceTree = "<group>"; };
		1117DA35C47012CCF877E88D /* NSData+Moscow.h */ = {isa = PBXFileReference; fileEncoding = 4; lastKnownFileType = sourcecode.c.h; path = "NSData+Moscow.h"; sourceTree = "<group>"; };
		1117DA38A6C8466799BE2B5A /* PBXTarget+PBXBuilder.h */ = {isa = PBXFileReference; fileEncoding = 4; lastKnownFileType = sourcecode.c.h; path = "PBXTarget+PBXBuilder.h"; sourceTree = "<group>"; };
		1117DA4C990459CD92C20437 /* PBXHeadersBuildPhase.m */ = {isa = PBXFileReference; fileEncoding = 4; lastKnownFileType = sourcecode.c.objc; path = PBXHeadersBuildPhase.m; sourceTree = "<group>"; };
		1117DA6307C577FE3D9465BD /* PBXRunInfo.h */ = {isa = PBXFileReference; fileEncoding = 4; lastKnownFileType = sourcecode.c.h; path = PBXRunInfo.h; sourceTree = "<group>"; };
		1117DA984BC1A42DB2F02160 /* PBXContainerItemProxy.h */ = {isa = PBXFileReference; fileEncoding = 4; lastKnownFileType = sourcecode.c.h; path = PBXContainerItemProxy.h; sourceTree = "<group>"; };
		1117DAACE59CFD6C7C7188C1 /* NSRegularExpression+Moscow.h */ = {isa = PBXFileReference; fileEncoding = 4; lastKnownFileType = sourcecode.c.h; path = "NSRegularExpression+Moscow.h"; sourceTree = "<group>"; };
		1117DAF15BB09C93919333E5 /* PBXLegacyTarget.h */ = {isa = PBXFileReference; fileEncoding = 4; lastKnownFileType = sourcecode.c.h; path = PBXLegacyTarget.h; sourceTree = "<group>"; };
		1117DAF3C26965F048EB37AC /* PBXResourcesBuildPhase.h */ = {isa = PBXFileReference; fileEncoding = 4; lastKnownFileType = sourcecode.c.h; path = PBXResourcesBuildPhase.h; sourceTree = "<group>"; };
		1117DB05B8FA099CFA2EBD24 /* Tools.h */ = {isa = PBXFileReference; fileEncoding = 4; lastKnownFileType = sourcecode.c.h; path = Tools.h; sourceTree = "<group>"; };
		1117DB4C9C5CF1EEF13A14C8 /* PBXResourcesBuildPhase.m */ = {isa = PBXFileReference; fileEncoding = 4; lastKnownFileType = sourcecode.c.objc; path = PBXResourcesBuildPhase.m; sourceTree = "<group>"; };
		1117DB4D04DC08A66EAAEF66 /* NSString+Moscow.m */ = {isa = PBXFileReference; fileEncoding = 4; lastKnownFileType = sourcecode.c.objc; path = "NSString+Moscow.m"; sourceTree = "<group>"; };
		1117DBEA260CC44C14E3D0A1 /* PGExecute.h */ = {isa = PBXFileReference; fileEncoding = 4; lastKnownFileType = sourcecode.c.h; path = PGExecute.h; sourceTree = "<group>"; };
		1117DC3F18DDF2B8454CC291 /* PBXSourcesBuildPhase.h */ = {isa = PBXFileReference; fileEncoding = 4; lastKnownFileType = sourcecode.c.h; path = PBXSourcesBuildPhase.h; sourceTree = "<group>"; };
		1117DC6D3E304F1A06C787AB /* PBXBuilderErrorMessages.h */ = {isa = PBXFileReference; fileEncoding = 4; lastKnownFileType = sourcecode.c.h; path = PBXBuilderErrorMessages.h; sourceTree = "<group>"; };
		1117DC735E9339B57255A797 /* build.sh */ = {isa = PBXFileReference; fileEncoding = 4; lastKnownFileType = text.script.sh; path = build.sh; sourceTree = "<group>"; };
		1117DC75D7BED83031E6C47F /* PBXRunInfo.m */ = {isa = PBXFileReference; fileEncoding = 4; lastKnownFileType = sourcecode.c.objc; path = PBXRunInfo.m; sourceTree = "<group>"; };
		1117DC8D695D8AD4BC6A6803 /* LICENSE */ = {isa = PBXFileReference; fileEncoding = 4; lastKnownFileType = text; path = LICENSE; sourceTree = "<group>"; };
		1117DC9C964AEE0421178951 /* PBXCopyFilesBuildPhase.m */ = {isa = PBXFileReference; fileEncoding = 4; lastKnownFileType = sourcecode.c.objc; path = PBXCopyFilesBuildPhase.m; sourceTree = "<group>"; };
		1117DCD7F2E10144D9DEBFCB /* build.sh */ = {isa = PBXFileReference; fileEncoding = 4; lastKnownFileType = text.script.sh; path = build.sh; sourceTree = "<group>"; };
		1117DD20800FFE368F535032 /* PBXGroup.m */ = {isa = PBXFileReference; fileEncoding = 4; lastKnownFileType = sourcecode.c.objc; path = PBXGroup.m; sourceTree = "<group>"; };
		1117DD2C2C6567C8FBA0FEC2 /* build.sh */ = {isa = PBXFileReference; fileEncoding = 4; lastKnownFileType = text.script.sh; path = build.sh; sourceTree = "<group>"; };
		1117DD3A5D0AF976CFB7C308 /* Clang LLVM 1.0.xcspec */ = {isa = PBXFileReference; fileEncoding = 4; lastKnownFileType = text.plist.xcspec; path = "Clang LLVM 1.0.xcspec"; sourceTree = "<group>"; };
		1117DD40F15C0A31FEA7645C /* XCConfigurationList.m */ = {isa = PBXFileReference; fileEncoding = 4; lastKnownFileType = sourcecode.c.objc; path = XCConfigurationList.m; sourceTree = "<group>"; };
		1117DD5D7B75243608FDD913 /* PBXNativeTarget.h */ = {isa = PBXFileReference; fileEncoding = 4; lastKnownFileType = sourcecode.c.h; path = PBXNativeTarget.h; sourceTree = "<group>"; };
		1117DD615A681AF8C3D22DD9 /* PBXVariantGroup.h */ = {isa = PBXFileReference; fileEncoding = 4; lastKnownFileType = sourcecode.c.h; path = PBXVariantGroup.h; sourceTree = "<group>"; };
		1117DD6FFD9B35DBB084E95E /* PBXFileReference.h */ = {isa = PBXFileReference; fileEncoding = 4; lastKnownFileType = sourcecode.c.h; path = PBXFileReference.h; sourceTree = "<group>"; };
		1117DD84EF54E98CC1D976C5 /* PBXNativeTarget+PBXBuilder.h */ = {isa = PBXFileReference; fileEncoding = 4; lastKnownFileType = sourcecode.c.h; path = "PBXNativeTarget+PBXBuilder.h"; sourceTree = "<group>"; };
		1117DDD40803A22835BE8D24 /* XCConfigurationList.h */ = {isa = PBXFileReference; fileEncoding = 4; lastKnownFileType = sourcecode.c.h; path = XCConfigurationList.h; sourceTree = "<group>"; };
		1117DDE29F95395F83425ACC /* PBXTargetDependency.h */ = {isa = PBXFileReference; fileEncoding = 4; lastKnownFileType = sourcecode.c.h; path = PBXTargetDependency.h; sourceTree = "<group>"; };
		1117DDF9822F1E82D4762BE9 /* PBXNativeTarget.m */ = {isa = PBXFileReference; fileEncoding = 4; lastKnownFileType = sourcecode.c.objc; path = PBXNativeTarget.m; sourceTree = "<group>"; };
		1117DE6B249B85831991F8AE /* Tools.m */ = {isa = PBXFileReference; fileEncoding = 4; lastKnownFileType = sourcecode.c.objc; path = Tools.m; sourceTree = "<group>"; };
		1117DE6DDCFF12D2D9ADA2F6 /* NSFileManager+Moscow.h */ = {isa = PBXFileReference; fileEncoding = 4; lastKnownFileType = sourcecode.c.h; path = "NSFileManager+Moscow.h"; sourceTree = "<group>"; };
		1117DE8F0B5BE3F8B61A0C01 /* GNUstepInfo.h */ = {isa = PBXFileReference; fileEncoding = 4; lastKnownFileType = sourcecode.c.h; path = GNUstepInfo.h; sourceTree = "<group>"; };
		1117DE9CC3AA67BCB92F526B /* PGBool.m */ = {isa = PBXFileReference; fileEncoding = 4; lastKnownFileType = sourcecode.c.objc; path = PGBool.m; sourceTree = "<group>"; };
		1117DE9D1C9DADCAD627DF6F /* PBXProjectFile.m */ = {isa = PBXFileReference; fileEncoding = 4; lastKnownFileType = sourcecode.c.objc; path = PBXProjectFile.m; sourceTree = "<group>"; };
		1117DE9F6A17CE87E1337AD6 /* PBXFrameworksBuildPhase.h */ = {isa = PBXFileReference; fileEncoding = 4; lastKnownFileType = sourcecode.c.h; path = PBXFrameworksBuildPhase.h; sourceTree = "<group>"; };
		1117DF33633E287BCC2A71D4 /* NSString+Moscow.h */ = {isa = PBXFileReference; fileEncoding = 4; lastKnownFileType = sourcecode.c.h; path = "NSString+Moscow.h"; sourceTree = "<group>"; };
		1117DF5ABE9E759A2AEB8B89 /* PGBool.h */ = {isa = PBXFileReference; fileEncoding = 4; lastKnownFileType = sourcecode.c.h; path = PGBool.h; sourceTree = "<group>"; };
		1117DF71D599F3DF94BC992A /* Tests.h */ = {isa = PBXFileReference; fileEncoding = 4; lastKnownFileType = sourcecode.c.h; path = Tests.h; sourceTree = "<group>"; };
		832E0CDC239852250048185F /* PBX.framework */ = {isa = PBXFileReference; explicitFileType = wrapper.framework; includeInIndex = 0; path = PBX.framework; sourceTree = BUILT_PRODUCTS_DIR; };
		832E0CDE239852250048185F /* PBX.h */ = {isa = PBXFileReference; lastKnownFileType = sourcecode.c.h; path = PBX.h; sourceTree = "<group>"; };
		832E0CDF239852250048185F /* Info.plist */ = {isa = PBXFileReference; lastKnownFileType = text.plist.xml; path = Info.plist; sourceTree = "<group>"; };
		839B512223806C2600662BA3 /* Moscow.framework */ = {isa = PBXFileReference; explicitFileType = wrapper.framework; includeInIndex = 0; path = Moscow.framework; sourceTree = BUILT_PRODUCTS_DIR; };
		839B512423806C2600662BA3 /* Moscow.h */ = {isa = PBXFileReference; lastKnownFileType = sourcecode.c.h; path = Moscow.h; sourceTree = "<group>"; };
		839B512523806C2600662BA3 /* Info.plist */ = {isa = PBXFileReference; lastKnownFileType = text.plist.xml; path = Info.plist; sourceTree = "<group>"; };
		83E1B3932370808500427C23 /* PBXBuilder */ = {isa = PBXFileReference; explicitFileType = "compiled.mach-o.executable"; includeInIndex = 0; path = PBXBuilder; sourceTree = BUILT_PRODUCTS_DIR; };
		83E1B3962370808500427C23 /* main.m */ = {isa = PBXFileReference; lastKnownFileType = sourcecode.c.objc; path = main.m; sourceTree = "<group>"; };
/* End PBXFileReference section */

/* Begin PBXFrameworksBuildPhase section */
		832E0CD9239852250048185F /* Frameworks */ = {
			isa = PBXFrameworksBuildPhase;
			buildActionMask = 2147483647;
			files = (
				83FAA4FB239ABFE2004A2650 /* Moscow.framework in Frameworks */,
			);
			runOnlyForDeploymentPostprocessing = 0;
		};
		839B511F23806C2600662BA3 /* Frameworks */ = {
			isa = PBXFrameworksBuildPhase;
			buildActionMask = 2147483647;
			files = (
			);
			runOnlyForDeploymentPostprocessing = 0;
		};
		83E1B3902370808500427C23 /* Frameworks */ = {
			isa = PBXFrameworksBuildPhase;
			buildActionMask = 2147483647;
			files = (
				83FAA4FA239ABFC7004A2650 /* PBX.framework in Frameworks */,
				8349E44D238449FB00274FDF /* Moscow.framework in Frameworks */,
			);
			runOnlyForDeploymentPostprocessing = 0;
		};
/* End PBXFrameworksBuildPhase section */

/* Begin PBXGroup section */
		1117D076ED57672F989219AE /* Impl */ = {
			isa = PBXGroup;
			children = (
				1117DD5D7B75243608FDD913 /* PBXNativeTarget.h */,
				1117DDF9822F1E82D4762BE9 /* PBXNativeTarget.m */,
				1117D5E62FF61A23C17291DC /* PBXAggregateTarget.m */,
				1117D60B10EBB5F947D27ABD /* PBXAggregateTarget.h */,
				1117D9A87E94FE1A27BCF8C7 /* PBXLegacyTarget.m */,
				1117DAF15BB09C93919333E5 /* PBXLegacyTarget.h */,
			);
			path = Impl;
			sourceTree = "<group>";
		};
		1117D0E78531BC100EA263C4 /* CommandLine */ = {
			isa = PBXGroup;
			children = (
				1117D80617543814EDE7EE10 /* PGCmdLine.m */,
				1117D8512AF1AC28C7D3DC67 /* PGCmdLine.h */,
			);
			name = CommandLine;
			sourceTree = "<group>";
		};
		1117D18B71A4FBA5BCC31124 /* PBXCategories */ = {
			isa = PBXGroup;
			children = (
				1117D44AA919CF2E8CC757AF /* PBXNativeTarget+PBXBuilder.m */,
				1117DD84EF54E98CC1D976C5 /* PBXNativeTarget+PBXBuilder.h */,
				1117D80A52674D8242ED9722 /* PBXTarget+PBXBuilder.m */,
				1117DA38A6C8466799BE2B5A /* PBXTarget+PBXBuilder.h */,
			);
			path = PBXCategories;
			sourceTree = "<group>";
		};
		1117D3171ACF9B126917ACE6 /* Work */ = {
			isa = PBXGroup;
			children = (
				1117D7BF1BFDE2B32DC0CC18 /* GNUstepInfo.m */,
				1117DE8F0B5BE3F8B61A0C01 /* GNUstepInfo.h */,
				1117DC75D7BED83031E6C47F /* PBXRunInfo.m */,
				1117DA6307C577FE3D9465BD /* PBXRunInfo.h */,
				1117D4C4F993E676E6487A24 /* PBXTools.m */,
				1117D90F882A6895A9DA4CAC /* PBXTools.h */,
				1117D0BBB198583B5033811F /* PBXStrings.m */,
				1117D3574A2BBE51A1EED4C7 /* PBXStrings.h */,
				1117D4063BADBB8D427742D9 /* PBXBuilderTypes.h */,
				1117D610C9D87602E2A084EC /* PBXBuilderErrorMessages.m */,
				1117DC6D3E304F1A06C787AB /* PBXBuilderErrorMessages.h */,
			);
			path = Work;
			sourceTree = "<group>";
		};
		1117D357A1A0449AE3BFF168 /* Config */ = {
			isa = PBXGroup;
			children = (
				1117DDD40803A22835BE8D24 /* XCConfigurationList.h */,
				1117D085F238B39EF20474BB /* XCBuildConfiguration.h */,
				1117D765CDF5534CD55A2B80 /* XCBuildConfiguration.m */,
				1117DD40F15C0A31FEA7645C /* XCConfigurationList.m */,
			);
			path = Config;
			sourceTree = "<group>";
		};
		1117D3C0337390B310F13D1B /* Impl */ = {
			isa = PBXGroup;
			children = (
				1117D3BF5FF1DD90267EC33E /* PBXFileReference.m */,
				1117DD20800FFE368F535032 /* PBXGroup.m */,
				1117D36711304D750673F6AF /* PBXVariantGroup.m */,
				1117D3D63676B08B0532B8B1 /* PBXGroup.h */,
				1117DD6FFD9B35DBB084E95E /* PBXFileReference.h */,
				1117DD615A681AF8C3D22DD9 /* PBXVariantGroup.h */,
			);
			path = Impl;
			sourceTree = "<group>";
		};
		1117D4E62053D39B5C9BC623 /* PBX */ = {
			isa = PBXGroup;
			children = (
				1117D7DE1E0A4802AA39D97F /* PBXItem.m */,
				1117D250D3A2952935DB4F92 /* PBXItem.h */,
				1117D3591C1E4899179E1D30 /* PBXProject.m */,
				1117DA1848D6F5F5D2E72841 /* PBXProject.h */,
				1117DA153F61E8CDF143C671 /* Target */,
				1117D567D3EA43857831368F /* Build */,
				1117DBA578E30B922D2067F7 /* FileElement */,
				1117D241A5603A238ADEEF16 /* PBXContainerItemProxy.m */,
				1117DA984BC1A42DB2F02160 /* PBXContainerItemProxy.h */,
				1117D23DD01E435445FB0C51 /* PBXProjectFile.h */,
				1117DE9D1C9DADCAD627DF6F /* PBXProjectFile.m */,
			);
			path = PBX;
			sourceTree = "<group>";
		};
		1117D567D3EA43857831368F /* Build */ = {
			isa = PBXGroup;
			children = (
				1117D357A1A0449AE3BFF168 /* Config */,
				1117D203BC1EBEF34E55295A /* PBXBuildFile.m */,
				1117D7DB3CB2BD8BEAF7FF43 /* PBXBuildFile.h */,
				1117D57DA8D4EE0F1DBBB66A /* Phase */,
			);
			path = Build;
			sourceTree = "<group>";
		};
		1117D57DA8D4EE0F1DBBB66A /* Phase */ = {
			isa = PBXGroup;
			children = (
				1117DAC2B8E9771BA5DFAC76 /* Impl */,
				1117D3F95229E211675E3E1A /* PBXBuildPhase.m */,
				1117D9FC9C8821CB054613A0 /* PBXBuildPhase.h */,
			);
			path = Phase;
			sourceTree = "<group>";
		};
		1117D8824011B6B81D1DC749 /* Tests */ = {
			isa = PBXGroup;
			children = (
				1117D50CB4803945840E84BC /* Tests.m */,
				1117DF71D599F3DF94BC992A /* Tests.h */,
			);
			path = Tests;
			sourceTree = "<group>";
		};
		1117DA153F61E8CDF143C671 /* Target */ = {
			isa = PBXGroup;
			children = (
				1117D076ED57672F989219AE /* Impl */,
				1117D4A80DF8B12D3C4B1F45 /* PBXTarget.m */,
				1117D29C921994A1775BDC67 /* PBXTarget.h */,
				1117D0E6328E9752489B41D4 /* PBXTargetDependency.m */,
				1117DDE29F95395F83425ACC /* PBXTargetDependency.h */,
			);
			path = Target;
			sourceTree = "<group>";
		};
		1117DA5D335DE3C11C8FD0C3 /* Tools */ = {
			isa = PBXGroup;
			children = (
				1117DE6B249B85831991F8AE /* Tools.m */,
				1117DB05B8FA099CFA2EBD24 /* Tools.h */,
				1117DE9CC3AA67BCB92F526B /* PGBool.m */,
				1117DF5ABE9E759A2AEB8B89 /* PGBool.h */,
				1117DE6539DFE9501F3273B1 /* Categories */,
				1117D1313208EC4480BE833A /* PGExecute.m */,
				1117DBEA260CC44C14E3D0A1 /* PGExecute.h */,
				1117D0E78531BC100EA263C4 /* CommandLine */,
			);
			path = Tools;
			sourceTree = "<group>";
		};
		1117DAC2B8E9771BA5DFAC76 /* Impl */ = {
			isa = PBXGroup;
			children = (
				1117D06EE89AB70368A00D3B /* PBXAppleScriptBuildPhase.m */,
				1117D7B0C1414783EE69BBE7 /* PBXAppleScriptBuildPhase.h */,
				1117DC9C964AEE0421178951 /* PBXCopyFilesBuildPhase.m */,
				1117D2BB4C35D2B27BDFC9C4 /* PBXCopyFilesBuildPhase.h */,
				1117D95F1C0420644CAC1E52 /* PBXFrameworksBuildPhase.m */,
				1117DE9F6A17CE87E1337AD6 /* PBXFrameworksBuildPhase.h */,
				1117DA4C990459CD92C20437 /* PBXHeadersBuildPhase.m */,
				1117D023A3846D53488A1DDD /* PBXHeadersBuildPhase.h */,
				1117DB4C9C5CF1EEF13A14C8 /* PBXResourcesBuildPhase.m */,
				1117DAF3C26965F048EB37AC /* PBXResourcesBuildPhase.h */,
				1117D1C3490B1FC43AD0ABCD /* PBXShellScriptBuildPhase.m */,
				1117D92DC5B71238EA841518 /* PBXShellScriptBuildPhase.h */,
				1117D07540C76FD128476F36 /* PBXSourcesBuildPhase.m */,
				1117DC3F18DDF2B8454CC291 /* PBXSourcesBuildPhase.h */,
			);
			path = Impl;
			sourceTree = "<group>";
		};
		1117DBA578E30B922D2067F7 /* FileElement */ = {
			isa = PBXGroup;
			children = (
				1117D3C0337390B310F13D1B /* Impl */,
				1117D66D2903769B7803E5AD /* PBXFileElement.h */,
				1117D185CEF64CC4C899EA52 /* PBXFileElement.m */,
				1117D90BF4990C94920D4413 /* PBXFileElementTypes.h */,
			);
			path = FileElement;
			sourceTree = "<group>";
		};
		1117DD640E012E1AF8B15017 /* Mappings */ = {
			isa = PBXGroup;
			children = (
				1117DD3A5D0AF976CFB7C308 /* Clang LLVM 1.0.xcspec */,
				1117D0B4746D40CE2DC20D5C /* Ld.xcspec */,
				1117D8374C061266D853CB13 /* Swift.xcspec */,
			);
			path = Mappings;
			sourceTree = "<group>";
		};
		1117DE6539DFE9501F3273B1 /* Categories */ = {
			isa = PBXGroup;
			children = (
				1117DA35C47012CCF877E88D /* NSData+Moscow.h */,
				1117D06D3346CA3B6E871945 /* NSData+Moscow.m */,
				1117D4CE2C866A189D4CAFC6 /* NSMutableArray+Moscow.h */,
				1117D97DB6D481D10BF8EB42 /* NSMutableArray+Moscow.m */,
				1117DAACE59CFD6C7C7188C1 /* NSRegularExpression+Moscow.h */,
				1117D1F751602114B44BD467 /* NSRegularExpression+Moscow.m */,
				1117D475243EDB11F72EAED4 /* NSScanner+Moscow.h */,
				1117D26D95FE63B4D1F2945E /* NSScanner+Moscow.m */,
				1117DB4D04DC08A66EAAEF66 /* NSString+Moscow.m */,
				1117DF33633E287BCC2A71D4 /* NSString+Moscow.h */,
				1117D352604C289725522805 /* NSFileManager+Moscow.m */,
				1117DE6DDCFF12D2D9ADA2F6 /* NSFileManager+Moscow.h */,
			);
			name = Categories;
			sourceTree = "<group>";
		};
		832E0CDD239852250048185F /* PBX */ = {
			isa = PBXGroup;
			children = (
				1117D4E62053D39B5C9BC623 /* PBX */,
				832E0CDE239852250048185F /* PBX.h */,
				832E0CDF239852250048185F /* Info.plist */,
				1117D92BF911EF7D5D9211CE /* PBX_GNUstep_vers.c */,
				1117DCD7F2E10144D9DEBFCB /* build.sh */,
			);
			path = PBX;
			sourceTree = "<group>";
		};
		839B512323806C2600662BA3 /* Moscow */ = {
			isa = PBXGroup;
			children = (
				1117DA5D335DE3C11C8FD0C3 /* Tools */,
				839B512423806C2600662BA3 /* Moscow.h */,
				839B512523806C2600662BA3 /* Info.plist */,
				1117DD2C2C6567C8FBA0FEC2 /* build.sh */,
				1117D68F1CF190F077AAE644 /* Moscow_GNUstep_vers.c */,
			);
			path = Moscow;
			sourceTree = "<group>";
		};
		839B512C23806C6C00662BA3 /* Frameworks */ = {
			isa = PBXGroup;
			children = (
			);
			name = Frameworks;
			sourceTree = "<group>";
		};
		83E1B38A2370808500427C23 = {
			isa = PBXGroup;
			children = (
				83E1B3952370808500427C23 /* PBXBuilder */,
				839B512323806C2600662BA3 /* Moscow */,
				832E0CDD239852250048185F /* PBX */,
				83E1B3942370808500427C23 /* Products */,
				1117DA21A8D95A4F700D8C61 /* README.md */,
				1117DC8D695D8AD4BC6A6803 /* LICENSE */,
				1117DD640E012E1AF8B15017 /* Mappings */,
				839B512C23806C6C00662BA3 /* Frameworks */,
				1117D8627AEF17859F1D2E34 /* build.sh */,
				1117D657E37085B8E000CFFC /* SendToServer.sh */,
				1117D112D33F1583A77A8596 /* sample.txt */,
				1117D5D141B3AFD8CDBA4898 /* ClassOverview.docx */,
				1117D87A33CEC6344825646F /* defines.h */,
			);
			sourceTree = "<group>";
		};
		83E1B3942370808500427C23 /* Products */ = {
			isa = PBXGroup;
			children = (
				83E1B3932370808500427C23 /* PBXBuilder */,
				839B512223806C2600662BA3 /* Moscow.framework */,
				832E0CDC239852250048185F /* PBX.framework */,
			);
			name = Products;
			sourceTree = "<group>";
		};
		83E1B3952370808500427C23 /* PBXBuilder */ = {
			isa = PBXGroup;
			children = (
				83E1B3962370808500427C23 /* main.m */,
				1117DC735E9339B57255A797 /* build.sh */,
				1117D3171ACF9B126917ACE6 /* Work */,
				1117D8824011B6B81D1DC749 /* Tests */,
				1117D18B71A4FBA5BCC31124 /* PBXCategories */,
			);
			path = PBXBuilder;
			sourceTree = "<group>";
		};
/* End PBXGroup section */

/* Begin PBXHeadersBuildPhase section */
		832E0CD7239852250048185F /* Headers */ = {
			isa = PBXHeadersBuildPhase;
			buildActionMask = 2147483647;
			files = (
				832E0CE0239852250048185F /* PBX.h in Headers */,
				1117D7B892DBB1E175B39658 /* PBXProjectFile.h in Headers */,
				1117D7FA1B8089839862A133 /* PBXContainerItemProxy.h in Headers */,
				1117DECAA9C374EE894255F8 /* PBXProject.h in Headers */,
				1117D511C61D8EA2454A7BC3 /* PBXLegacyTarget.h in Headers */,
				1117DE7319D91941CDACF693 /* PBXNativeTarget.h in Headers */,
				1117DDE409EBCFA050CB7B54 /* PBXTargetDependency.h in Headers */,
				1117D3DDBDA7C47E9C28FBC4 /* PBXItem.h in Headers */,
				1117D38B3DCD4509131BB7B9 /* PBXAggregateTarget.h in Headers */,
				1117D6BE0A9285206B000B06 /* PBXTarget.h in Headers */,
				1117DF28B3224434A0B71BF7 /* PBXFileElementTypes.h in Headers */,
				1117D6EB4D7C3EF3EE1CF774 /* PBXFileReference.h in Headers */,
				1117D6DAA625AEEE01F95956 /* PBXFileElement.h in Headers */,
				1117D0320E47956BB843FE1C /* PBXGroup.h in Headers */,
				1117D538B17754ABE09C5604 /* PBXVariantGroup.h in Headers */,
				1117D33B865C3E250A29DAC4 /* PBXBuildFile.h in Headers */,
				1117DA594D102E0DEA7D0958 /* PBXAppleScriptBuildPhase.h in Headers */,
				1117D81276B1160E145297EC /* PBXResourcesBuildPhase.h in Headers */,
				1117D22B0D2DD85534E4EDEC /* PBXFrameworksBuildPhase.h in Headers */,
				1117D41AC8087777043C7FB8 /* PBXBuildPhase.h in Headers */,
				1117D1FB6A2A123A483E2B06 /* PBXHeadersBuildPhase.h in Headers */,
				1117D1C797CBB511BD2287DD /* PBXSourcesBuildPhase.h in Headers */,
				1117D350419B3CA9A5FB9962 /* PBXCopyFilesBuildPhase.h in Headers */,
				1117D87AF9DBDBA2B67DFBB6 /* PBXShellScriptBuildPhase.h in Headers */,
				1117D63B77A7E763587A8DF2 /* XCConfigurationList.h in Headers */,
				1117DCB41682560D91D4A159 /* XCBuildConfiguration.h in Headers */,
			);
			runOnlyForDeploymentPostprocessing = 0;
		};
		839B511D23806C2600662BA3 /* Headers */ = {
			isa = PBXHeadersBuildPhase;
			buildActionMask = 2147483647;
			files = (
				839B512623806C2600662BA3 /* Moscow.h in Headers */,
				839B513323806D1800662BA3 /* Tools.h in Headers */,
				1117D8D3A333151BDBE6B82E /* PGBool.h in Headers */,
				1117D6437332E55B30F8F3A0 /* PGExecute.h in Headers */,
				1117DDF248630026BA265B1B /* PGCmdLine.h in Headers */,
				1117D1F9D5D1BF0CCA3D59A3 /* NSData+Moscow.h in Headers */,
				1117D43D720ECF1A2A922CB4 /* NSString+Moscow.h in Headers */,
				1117DA4F71C1F04AB7AE6766 /* NSFileManager+Moscow.h in Headers */,
				1117DA2BAACB566D4C8D395B /* NSMutableArray+Moscow.h in Headers */,
				1117D5DD22894CABA61514A2 /* NSRegularExpression+Moscow.h in Headers */,
				1117D0A444E03F759AC22FD2 /* NSScanner+Moscow.h in Headers */,
			);
			runOnlyForDeploymentPostprocessing = 0;
		};
/* End PBXHeadersBuildPhase section */

/* Begin PBXNativeTarget section */
		832E0CDB239852250048185F /* PBX */ = {
			isa = PBXNativeTarget;
			buildConfigurationList = 832E0CE3239852250048185F /* Build configuration list for PBXNativeTarget "PBX" */;
			buildPhases = (
				832E0CD7239852250048185F /* Headers */,
				832E0CD8239852250048185F /* Sources */,
				832E0CD9239852250048185F /* Frameworks */,
				832E0CDA239852250048185F /* Resources */,
			);
			buildRules = (
			);
			dependencies = (
				832E0CE5239852330048185F /* PBXTargetDependency */,
			);
			name = PBX;
			productName = PBX;
			productReference = 832E0CDC239852250048185F /* PBX.framework */;
			productType = "com.apple.product-type.framework";
		};
		839B512123806C2600662BA3 /* Moscow */ = {
			isa = PBXNativeTarget;
			buildConfigurationList = 839B512923806C2600662BA3 /* Build configuration list for PBXNativeTarget "Moscow" */;
			buildPhases = (
				839B511D23806C2600662BA3 /* Headers */,
				839B511E23806C2600662BA3 /* Sources */,
				839B511F23806C2600662BA3 /* Frameworks */,
				839B512023806C2600662BA3 /* Resources */,
			);
			buildRules = (
			);
			dependencies = (
			);
			name = Moscow;
			productName = Moscow;
			productReference = 839B512223806C2600662BA3 /* Moscow.framework */;
			productType = "com.apple.product-type.framework";
		};
		83E1B3922370808500427C23 /* PBXBuilder */ = {
			isa = PBXNativeTarget;
			buildConfigurationList = 83E1B39A2370808500427C23 /* Build configuration list for PBXNativeTarget "PBXBuilder" */;
			buildPhases = (
				83E1B38F2370808500427C23 /* Sources */,
				83E1B3902370808500427C23 /* Frameworks */,
				83E1B3912370808500427C23 /* CopyFiles */,
				839B513123806C6C00662BA3 /* Embed Frameworks */,
				83F27F492391624C00B1AE14 /* ShellScript */,
			);
			buildRules = (
			);
			dependencies = (
				8349E44F23844A0000274FDF /* PBXTargetDependency */,
				832E0CE72398525A0048185F /* PBXTargetDependency */,
			);
			name = PBXBuilder;
			productName = PBXBuilder;
			productReference = 83E1B3932370808500427C23 /* PBXBuilder */;
			productType = "com.apple.product-type.tool";
		};
/* End PBXNativeTarget section */

/* Begin PBXProject section */
		83E1B38B2370808500427C23 /* Project object */ = {
			isa = PBXProject;
			attributes = {
				LastUpgradeCheck = 1120;
				ORGANIZATIONNAME = "Project Galen";
				TargetAttributes = {
					832E0CDB239852250048185F = {
						CreatedOnToolsVersion = 11.2.1;
					};
					839B512123806C2600662BA3 = {
						CreatedOnToolsVersion = 11.2.1;
					};
					83E1B3922370808500427C23 = {
						CreatedOnToolsVersion = 11.2;
					};
				};
			};
			buildConfigurationList = 83E1B38E2370808500427C23 /* Build configuration list for PBXProject "PBXBuilder" */;
			compatibilityVersion = "Xcode 9.3";
			developmentRegion = en;
			hasScannedForEncodings = 0;
			knownRegions = (
				en,
				Base,
			);
			mainGroup = 83E1B38A2370808500427C23;
			productRefGroup = 83E1B3942370808500427C23 /* Products */;
			projectDirPath = "";
			projectRoot = "";
			targets = (
				83E1B3922370808500427C23 /* PBXBuilder */,
				839B512123806C2600662BA3 /* Moscow */,
				832E0CDB239852250048185F /* PBX */,
			);
		};
/* End PBXProject section */

/* Begin PBXResourcesBuildPhase section */
		832E0CDA239852250048185F /* Resources */ = {
			isa = PBXResourcesBuildPhase;
			buildActionMask = 2147483647;
			files = (
			);
			runOnlyForDeploymentPostprocessing = 0;
		};
		839B512023806C2600662BA3 /* Resources */ = {
			isa = PBXResourcesBuildPhase;
			buildActionMask = 2147483647;
			files = (
			);
			runOnlyForDeploymentPostprocessing = 0;
		};
/* End PBXResourcesBuildPhase section */

/* Begin PBXShellScriptBuildPhase section */
		83F27F492391624C00B1AE14 /* ShellScript */ = {
			isa = PBXShellScriptBuildPhase;
			buildActionMask = 2147483647;
			files = (
			);
			inputFileListPaths = (
			);
			inputPaths = (
			);
			outputFileListPaths = (
			);
			outputPaths = (
			);
			runOnlyForDeploymentPostprocessing = 0;
			shellPath = /bin/bash;
			shellScript = "# Type a script or drag a script file from your workspace to insert its path.\n./SendToServer.sh\n";
		};
/* End PBXShellScriptBuildPhase section */

/* Begin PBXSourcesBuildPhase section */
		832E0CD8239852250048185F /* Sources */ = {
			isa = PBXSourcesBuildPhase;
			buildActionMask = 2147483647;
			files = (
				1117DC13835DA2227D33A7D3 /* PBXNativeTarget.m in Sources */,
				1117DCFF615A520A4FBF018E /* PBXItem.m in Sources */,
				1117D2DFBCEF3C0CDC5D0684 /* PBXAggregateTarget.m in Sources */,
				1117DF586EFF700CC12921BA /* PBXLegacyTarget.m in Sources */,
				1117DE10E7A18F589EAF70CB /* PBXProject.m in Sources */,
				1117D6ED27A1651F209A37AD /* PBXTarget.m in Sources */,
				1117D384023DF0B0F32E48E5 /* PBXContainerItemProxy.m in Sources */,
				1117DD371C31B357C34C6E19 /* PBXTargetDependency.m in Sources */,
				1117DAEDA165B6C0D488EBF0 /* PBXVariantGroup.m in Sources */,
				1117DE3BF6B496F661D599A0 /* PBXGroup.m in Sources */,
				1117D43AEA2DAB68299B051C /* PBXFileElement.m in Sources */,
				1117D4DE43051804E982B94D /* PBXFileReference.m in Sources */,
				1117D199D4FA1DAAEB230A3A /* PBXSourcesBuildPhase.m in Sources */,
				1117D87CF9D8F8D6797FC830 /* PBXBuildPhase.m in Sources */,
				1117DC294507FAB5756D1B66 /* PBXAppleScriptBuildPhase.m in Sources */,
				1117D25E26CCF2C27D4C94AD /* PBXShellScriptBuildPhase.m in Sources */,
				1117DB29CA4ECBD6E07B92D5 /* PBXHeadersBuildPhase.m in Sources */,
				1117D100224C7813E91ED305 /* PBXFrameworksBuildPhase.m in Sources */,
				1117D49E538A10B57673394C /* PBXResourcesBuildPhase.m in Sources */,
				1117D595FB357B711CE6EFC2 /* PBXCopyFilesBuildPhase.m in Sources */,
				1117DBAC6571A55E9F76747C /* PBXBuildFile.m in Sources */,
				1117D00E417096AAD7C40687 /* XCConfigurationList.m in Sources */,
				1117DA392DA51C4488FF72D5 /* XCBuildConfiguration.m in Sources */,
				1117D6A7CCB55EF26FC40B3E /* PBXProjectFile.m in Sources */,
			);
			runOnlyForDeploymentPostprocessing = 0;
		};
		839B511E23806C2600662BA3 /* Sources */ = {
			isa = PBXSourcesBuildPhase;
			buildActionMask = 2147483647;
			files = (
				839B513223806D1800662BA3 /* Tools.m in Sources */,
				1117D2226A7F97750B33B29D /* PGBool.m in Sources */,
				1117DEA34C3F0E246141A6A2 /* NSData+Moscow.m in Sources */,
				1117D45078AB4EBC41CAEA3C /* NSMutableArray+Moscow.m in Sources */,
				1117D3579CC18EE9BCB37213 /* NSRegularExpression+Moscow.m in Sources */,
				1117D65039C2F9EED6B6B2F0 /* NSScanner+Moscow.m in Sources */,
				1117D64AE18B6F118812C1A6 /* PGExecute.m in Sources */,
				1117DEB29C7C38C8589A7D7B /* PGCmdLine.m in Sources */,
				1117D4F234F8BFD66FE1D9DD /* NSString+Moscow.m in Sources */,
				1117D79385EB99910495BC7C /* NSFileManager+Moscow.m in Sources */,
			);
			runOnlyForDeploymentPostprocessing = 0;
		};
		83E1B38F2370808500427C23 /* Sources */ = {
			isa = PBXSourcesBuildPhase;
			buildActionMask = 2147483647;
			files = (
				83E1B3972370808500427C23 /* main.m in Sources */,
				1117D42EB90895042EF598C9 /* GNUstepInfo.m in Sources */,
				1117DB077B632565C88E3448 /* PBXRunInfo.m in Sources */,
				1117D75EB0CEBA75ADD782DD /* PBXTools.m in Sources */,
				1117D227A341D98188E6854D /* Tests.m in Sources */,
				1117D95641643057FC277D16 /* PBXStrings.m in Sources */,
				1117D8351D5CC9FAE63ED9F6 /* PBXBuilderErrorMessages.m in Sources */,
				1117D5FAC34979742EF60CF6 /* PBXNativeTarget+PBXBuilder.m in Sources */,
				1117D236FD19235B90203B60 /* PBXTarget+PBXBuilder.m in Sources */,
			);
			runOnlyForDeploymentPostprocessing = 0;
		};
/* End PBXSourcesBuildPhase section */

/* Begin PBXTargetDependency section */
		832E0CE5239852330048185F /* PBXTargetDependency */ = {
			isa = PBXTargetDependency;
			target = 839B512123806C2600662BA3 /* Moscow */;
			targetProxy = 832E0CE4239852330048185F /* PBXContainerItemProxy */;
		};
		832E0CE72398525A0048185F /* PBXTargetDependency */ = {
			isa = PBXTargetDependency;
			target = 832E0CDB239852250048185F /* PBX */;
			targetProxy = 832E0CE62398525A0048185F /* PBXContainerItemProxy */;
		};
		8349E44F23844A0000274FDF /* PBXTargetDependency */ = {
			isa = PBXTargetDependency;
			target = 839B512123806C2600662BA3 /* Moscow */;
			targetProxy = 8349E44E23844A0000274FDF /* PBXContainerItemProxy */;
		};
/* End PBXTargetDependency section */

/* Begin XCBuildConfiguration section */
		832E0CE1239852250048185F /* Debug */ = {
			isa = XCBuildConfiguration;
			buildSettings = {
				CODE_SIGN_STYLE = Automatic;
				COMBINE_HIDPI_IMAGES = YES;
				CURRENT_PROJECT_VERSION = 1;
				DEFINES_MODULE = YES;
				DEVELOPMENT_TEAM = Q5XWZ7S7E9;
				DYLIB_COMPATIBILITY_VERSION = 1;
				DYLIB_CURRENT_VERSION = 1;
				DYLIB_INSTALL_NAME_BASE = "@rpath";
				INFOPLIST_FILE = PBX/Info.plist;
				INSTALL_PATH = "$(LOCAL_LIBRARY_DIR)/Frameworks";
				LD_RUNPATH_SEARCH_PATHS = (
					"$(inherited)",
					"@executable_path/../Frameworks",
					"@loader_path/Frameworks",
				);
				PRODUCT_BUNDLE_IDENTIFIER = com.projectgalen.PBX;
				PRODUCT_NAME = "$(TARGET_NAME:c99extidentifier)";
				SKIP_INSTALL = YES;
				VERSIONING_SYSTEM = "apple-generic";
				VERSION_INFO_PREFIX = "";
			};
			name = Debug;
		};
		832E0CE2239852250048185F /* Release */ = {
			isa = XCBuildConfiguration;
			buildSettings = {
				CODE_SIGN_STYLE = Automatic;
				COMBINE_HIDPI_IMAGES = YES;
				CURRENT_PROJECT_VERSION = 1;
				DEFINES_MODULE = YES;
				DEVELOPMENT_TEAM = Q5XWZ7S7E9;
				DYLIB_COMPATIBILITY_VERSION = 1;
				DYLIB_CURRENT_VERSION = 1;
				DYLIB_INSTALL_NAME_BASE = "@rpath";
				INFOPLIST_FILE = PBX/Info.plist;
				INSTALL_PATH = "$(LOCAL_LIBRARY_DIR)/Frameworks";
				LD_RUNPATH_SEARCH_PATHS = (
					"$(inherited)",
					"@executable_path/../Frameworks",
					"@loader_path/Frameworks",
				);
				PRODUCT_BUNDLE_IDENTIFIER = com.projectgalen.PBX;
				PRODUCT_NAME = "$(TARGET_NAME:c99extidentifier)";
				SKIP_INSTALL = YES;
				VERSIONING_SYSTEM = "apple-generic";
				VERSION_INFO_PREFIX = "";
			};
			name = Release;
		};
		839B512723806C2600662BA3 /* Debug */ = {
			isa = XCBuildConfiguration;
			buildSettings = {
				CODE_SIGN_STYLE = Automatic;
				COMBINE_HIDPI_IMAGES = YES;
				CURRENT_PROJECT_VERSION = 1;
				DEFINES_MODULE = YES;
				DEVELOPMENT_TEAM = Q5XWZ7S7E9;
				DYLIB_COMPATIBILITY_VERSION = 1;
				DYLIB_CURRENT_VERSION = 1;
				DYLIB_INSTALL_NAME_BASE = "@rpath";
				INFOPLIST_FILE = Moscow/Info.plist;
				INSTALL_PATH = "$(LOCAL_LIBRARY_DIR)/Frameworks";
				LD_RUNPATH_SEARCH_PATHS = (
					"$(inherited)",
					"@executable_path/../Frameworks",
					"@loader_path/Frameworks",
				);
				PRODUCT_BUNDLE_IDENTIFIER = com.projectgalen.Moscow;
				PRODUCT_NAME = "$(TARGET_NAME:c99extidentifier)";
				SKIP_INSTALL = YES;
				VERSIONING_SYSTEM = "apple-generic";
				VERSION_INFO_PREFIX = "";
			};
			name = Debug;
		};
		839B512823806C2600662BA3 /* Release */ = {
			isa = XCBuildConfiguration;
			buildSettings = {
				CODE_SIGN_STYLE = Automatic;
				COMBINE_HIDPI_IMAGES = YES;
				CURRENT_PROJECT_VERSION = 1;
				DEFINES_MODULE = YES;
				DEVELOPMENT_TEAM = Q5XWZ7S7E9;
				DYLIB_COMPATIBILITY_VERSION = 1;
				DYLIB_CURRENT_VERSION = 1;
				DYLIB_INSTALL_NAME_BASE = "@rpath";
				INFOPLIST_FILE = Moscow/Info.plist;
				INSTALL_PATH = "$(LOCAL_LIBRARY_DIR)/Frameworks";
				LD_RUNPATH_SEARCH_PATHS = (
					"$(inherited)",
					"@executable_path/../Frameworks",
					"@loader_path/Frameworks",
				);
				PRODUCT_BUNDLE_IDENTIFIER = com.projectgalen.Moscow;
				PRODUCT_NAME = "$(TARGET_NAME:c99extidentifier)";
				SKIP_INSTALL = YES;
				VERSIONING_SYSTEM = "apple-generic";
				VERSION_INFO_PREFIX = "";
			};
			name = Release;
		};
		83E1B3982370808500427C23 /* Debug */ = {
			isa = XCBuildConfiguration;
			buildSettings = {
				ALWAYS_SEARCH_USER_PATHS = NO;
				CLANG_ANALYZER_NONNULL = YES;
				CLANG_ANALYZER_NUMBER_OBJECT_CONVERSION = YES_AGGRESSIVE;
				CLANG_CXX_LANGUAGE_STANDARD = "gnu++14";
				CLANG_CXX_LIBRARY = "libc++";
				CLANG_ENABLE_MODULES = YES;
				CLANG_ENABLE_OBJC_ARC = YES;
				CLANG_ENABLE_OBJC_WEAK = YES;
				CLANG_WARN_BLOCK_CAPTURE_AUTORELEASING = YES;
				CLANG_WARN_BOOL_CONVERSION = YES;
				CLANG_WARN_COMMA = YES;
				CLANG_WARN_CONSTANT_CONVERSION = YES;
				CLANG_WARN_DEPRECATED_OBJC_IMPLEMENTATIONS = YES;
				CLANG_WARN_DIRECT_OBJC_ISA_USAGE = YES_ERROR;
				CLANG_WARN_DOCUMENTATION_COMMENTS = YES;
				CLANG_WARN_EMPTY_BODY = YES;
				CLANG_WARN_ENUM_CONVERSION = YES;
				CLANG_WARN_INFINITE_RECURSION = YES;
				CLANG_WARN_INT_CONVERSION = YES;
				CLANG_WARN_NON_LITERAL_NULL_CONVERSION = YES;
				CLANG_WARN_OBJC_IMPLICIT_RETAIN_SELF = YES;
				CLANG_WARN_OBJC_LITERAL_CONVERSION = YES;
				CLANG_WARN_OBJC_ROOT_CLASS = YES_ERROR;
				CLANG_WARN_RANGE_LOOP_ANALYSIS = YES;
				CLANG_WARN_STRICT_PROTOTYPES = YES;
				CLANG_WARN_SUSPICIOUS_MOVE = YES;
				CLANG_WARN_UNGUARDED_AVAILABILITY = YES_AGGRESSIVE;
				CLANG_WARN_UNREACHABLE_CODE = YES;
				CLANG_WARN__DUPLICATE_METHOD_MATCH = YES;
				COPY_PHASE_STRIP = NO;
				DEBUG_INFORMATION_FORMAT = dwarf;
				ENABLE_STRICT_OBJC_MSGSEND = YES;
				ENABLE_TESTABILITY = YES;
				GCC_C_LANGUAGE_STANDARD = gnu11;
				GCC_DYNAMIC_NO_PIC = NO;
				GCC_NO_COMMON_BLOCKS = YES;
				GCC_OPTIMIZATION_LEVEL = 0;
				GCC_PREPROCESSOR_DEFINITIONS = (
					"DEBUG=1",
					"$(inherited)",
				);
				GCC_WARN_64_TO_32_BIT_CONVERSION = YES;
				GCC_WARN_ABOUT_RETURN_TYPE = YES_ERROR;
				GCC_WARN_UNDECLARED_SELECTOR = YES;
				GCC_WARN_UNINITIALIZED_AUTOS = YES_AGGRESSIVE;
				GCC_WARN_UNUSED_FUNCTION = YES;
				GCC_WARN_UNUSED_VARIABLE = YES;
				MACOSX_DEPLOYMENT_TARGET = 10.15;
				MTL_ENABLE_DEBUG_INFO = INCLUDE_SOURCE;
				MTL_FAST_MATH = YES;
				ONLY_ACTIVE_ARCH = YES;
				SDKROOT = macosx;
			};
			name = Debug;
		};
		83E1B3992370808500427C23 /* Release */ = {
			isa = XCBuildConfiguration;
			buildSettings = {
				ALWAYS_SEARCH_USER_PATHS = NO;
				CLANG_ANALYZER_NONNULL = YES;
				CLANG_ANALYZER_NUMBER_OBJECT_CONVERSION = YES_AGGRESSIVE;
				CLANG_CXX_LANGUAGE_STANDARD = "gnu++14";
				CLANG_CXX_LIBRARY = "libc++";
				CLANG_ENABLE_MODULES = YES;
				CLANG_ENABLE_OBJC_ARC = YES;
				CLANG_ENABLE_OBJC_WEAK = YES;
				CLANG_WARN_BLOCK_CAPTURE_AUTORELEASING = YES;
				CLANG_WARN_BOOL_CONVERSION = YES;
				CLANG_WARN_COMMA = YES;
				CLANG_WARN_CONSTANT_CONVERSION = YES;
				CLANG_WARN_DEPRECATED_OBJC_IMPLEMENTATIONS = YES;
				CLANG_WARN_DIRECT_OBJC_ISA_USAGE = YES_ERROR;
				CLANG_WARN_DOCUMENTATION_COMMENTS = YES;
				CLANG_WARN_EMPTY_BODY = YES;
				CLANG_WARN_ENUM_CONVERSION = YES;
				CLANG_WARN_INFINITE_RECURSION = YES;
				CLANG_WARN_INT_CONVERSION = YES;
				CLANG_WARN_NON_LITERAL_NULL_CONVERSION = YES;
				CLANG_WARN_OBJC_IMPLICIT_RETAIN_SELF = YES;
				CLANG_WARN_OBJC_LITERAL_CONVERSION = YES;
				CLANG_WARN_OBJC_ROOT_CLASS = YES_ERROR;
				CLANG_WARN_RANGE_LOOP_ANALYSIS = YES;
				CLANG_WARN_STRICT_PROTOTYPES = YES;
				CLANG_WARN_SUSPICIOUS_MOVE = YES;
				CLANG_WARN_UNGUARDED_AVAILABILITY = YES_AGGRESSIVE;
				CLANG_WARN_UNREACHABLE_CODE = YES;
				CLANG_WARN__DUPLICATE_METHOD_MATCH = YES;
				COPY_PHASE_STRIP = NO;
				DEBUG_INFORMATION_FORMAT = "dwarf-with-dsym";
				ENABLE_NS_ASSERTIONS = NO;
				ENABLE_STRICT_OBJC_MSGSEND = YES;
				GCC_C_LANGUAGE_STANDARD = gnu11;
				GCC_NO_COMMON_BLOCKS = YES;
				GCC_WARN_64_TO_32_BIT_CONVERSION = YES;
				GCC_WARN_ABOUT_RETURN_TYPE = YES_ERROR;
				GCC_WARN_UNDECLARED_SELECTOR = YES;
				GCC_WARN_UNINITIALIZED_AUTOS = YES_AGGRESSIVE;
				GCC_WARN_UNUSED_FUNCTION = YES;
				GCC_WARN_UNUSED_VARIABLE = YES;
				MACOSX_DEPLOYMENT_TARGET = 10.15;
				MTL_ENABLE_DEBUG_INFO = NO;
				MTL_FAST_MATH = YES;
				SDKROOT = macosx;
			};
			name = Release;
		};
		83E1B39B2370808500427C23 /* Debug */ = {
			isa = XCBuildConfiguration;
			buildSettings = {
				CODE_SIGN_IDENTITY = "Apple Development";
				CODE_SIGN_STYLE = Automatic;
				DEVELOPMENT_TEAM = Q5XWZ7S7E9;
				ENABLE_HARDENED_RUNTIME = YES;
				PRODUCT_BUNDLE_IDENTIFIER = com.projectgalen.PBXBuilder;
				PRODUCT_NAME = "$(TARGET_NAME)";
			};
			name = Debug;
		};
		83E1B39C2370808500427C23 /* Release */ = {
			isa = XCBuildConfiguration;
			buildSettings = {
				CODE_SIGN_IDENTITY = "Apple Development";
				CODE_SIGN_STYLE = Automatic;
				DEVELOPMENT_TEAM = Q5XWZ7S7E9;
				ENABLE_HARDENED_RUNTIME = YES;
				PRODUCT_BUNDLE_IDENTIFIER = com.projectgalen.PBXBuilder;
				PRODUCT_NAME = "$(TARGET_NAME)";
			};
			name = Release;
		};
/* End XCBuildConfiguration section */

/* Begin XCConfigurationList section */
		832E0CE3239852250048185F /* Build configuration list for PBXNativeTarget "PBX" */ = {
			isa = XCConfigurationList;
			buildConfigurations = (
				832E0CE1239852250048185F /* Debug */,
				832E0CE2239852250048185F /* Release */,
			);
			defaultConfigurationIsVisible = 0;
			defaultConfigurationName = Release;
		};
		839B512923806C2600662BA3 /* Build configuration list for PBXNativeTarget "Moscow" */ = {
			isa = XCConfigurationList;
			buildConfigurations = (
				839B512723806C2600662BA3 /* Debug */,
				839B512823806C2600662BA3 /* Release */,
			);
			defaultConfigurationIsVisible = 0;
			defaultConfigurationName = Release;
		};
		83E1B38E2370808500427C23 /* Build configuration list for PBXProject "PBXBuilder" */ = {
			isa = XCConfigurationList;
			buildConfigurations = (
				83E1B3982370808500427C23 /* Debug */,
				83E1B3992370808500427C23 /* Release */,
			);
			defaultConfigurationIsVisible = 0;
			defaultConfigurationName = Release;
		};
		83E1B39A2370808500427C23 /* Build configuration list for PBXNativeTarget "PBXBuilder" */ = {
			isa = XCConfigurationList;
			buildConfigurations = (
				83E1B39B2370808500427C23 /* Debug */,
				83E1B39C2370808500427C23 /* Release */,
			);
			defaultConfigurationIsVisible = 0;
			defaultConfigurationName = Release;
		};
/* End XCConfigurationList section */
	};
	rootObject = 83E1B38B2370808500427C23 /* Project object */;
}
