// !$*UTF8*$!
{
	archiveVersion = 1;
	classes = {
	};
	objectVersion = 50;
	objects = {

/* Begin PBXBuildFile section */
		1117D130C154ED3877473A4F /* PGRunInfo.m in Sources */ = {isa = PBXBuildFile; fileRef = 1117DF0EA8EB8A003F400D04 /* PGRunInfo.m */; };
		1117D283F30FC63CDC9C5780 /* PBXAggregateTarget.m in Sources */ = {isa = PBXBuildFile; fileRef = 1117D5E62FF61A23C17291DC /* PBXAggregateTarget.m */; };
		1117D3178F13224AD2B4B0EB /* PBXNativeTarget.m in Sources */ = {isa = PBXBuildFile; fileRef = 1117DDF9822F1E82D4762BE9 /* PBXNativeTarget.m */; };
		1117D3876CFE855DD77EC6AE /* PBXGroup.m in Sources */ = {isa = PBXBuildFile; fileRef = 1117DD20800FFE368F535032 /* PBXGroup.m */; };
		1117D46E89D587A6B24C7818 /* PBXTarget.m in Sources */ = {isa = PBXBuildFile; fileRef = 1117D4A80DF8B12D3C4B1F45 /* PBXTarget.m */; };
		1117D59D82018B00FB6E5EC0 /* PBXItem.m in Sources */ = {isa = PBXBuildFile; fileRef = 1117D7DE1E0A4802AA39D97F /* PBXItem.m */; };
		1117D6096F99E28D714F7A60 /* PBXFileReference.m in Sources */ = {isa = PBXBuildFile; fileRef = 1117D3BF5FF1DD90267EC33E /* PBXFileReference.m */; };
		1117D7244263595A65CFCD8E /* XCConfigurationList.m in Sources */ = {isa = PBXBuildFile; fileRef = 1117DD40F15C0A31FEA7645C /* XCConfigurationList.m */; };
		1117D797ED81B215242B7E77 /* PBXFileElement.m in Sources */ = {isa = PBXBuildFile; fileRef = 1117D185CEF64CC4C899EA52 /* PBXFileElement.m */; };
		1117DB475991EE632782514B /* PBXTargetDependency.m in Sources */ = {isa = PBXBuildFile; fileRef = 1117D0E6328E9752489B41D4 /* PBXTargetDependency.m */; };
		1117DB5039A2054A65A79F53 /* XCBuildConfiguration.m in Sources */ = {isa = PBXBuildFile; fileRef = 1117D765CDF5534CD55A2B80 /* XCBuildConfiguration.m */; };
		1117DBE5355E94A2B78D2748 /* PBXBuildFile.m in Sources */ = {isa = PBXBuildFile; fileRef = 1117D203BC1EBEF34E55295A /* PBXBuildFile.m */; };
		1117DD221DB7CC4910F140BC /* PGProjectFile.m in Sources */ = {isa = PBXBuildFile; fileRef = 1117D15D6188A08C9670BAE9 /* PGProjectFile.m */; };
		1117DD86D357EF372D14C774 /* PBXVariantGroup.m in Sources */ = {isa = PBXBuildFile; fileRef = 1117D36711304D750673F6AF /* PBXVariantGroup.m */; };
		1117DDCB761B6E8D3B0E6DE6 /* PBXProject.m in Sources */ = {isa = PBXBuildFile; fileRef = 1117D3591C1E4899179E1D30 /* PBXProject.m */; };
		1117DE81E264CA96C67F3EEF /* PBXLegacyTarget.m in Sources */ = {isa = PBXBuildFile; fileRef = 1117D9A87E94FE1A27BCF8C7 /* PBXLegacyTarget.m */; };
		1117DE9AB3653ABD34F79BDD /* PBXBuildPhase.m in Sources */ = {isa = PBXBuildFile; fileRef = 1117D3F95229E211675E3E1A /* PBXBuildPhase.m */; };
		83E1B3972370808500427C23 /* main.m in Sources */ = {isa = PBXBuildFile; fileRef = 83E1B3962370808500427C23 /* main.m */; };
/* End PBXBuildFile section */

/* Begin PBXCopyFilesBuildPhase section */
		83E1B3912370808500427C23 /* CopyFiles */ = {
			isa = PBXCopyFilesBuildPhase;
			buildActionMask = 2147483647;
			dstPath = /usr/share/man/man1/;
			dstSubfolderSpec = 0;
			files = (
			);
			runOnlyForDeploymentPostprocessing = 1;
		};
/* End PBXCopyFilesBuildPhase section */

/* Begin PBXFileReference section */
		1117D085F238B39EF20474BB /* XCBuildConfiguration.h */ = {isa = PBXFileReference; fileEncoding = 4; lastKnownFileType = sourcecode.c.h; path = XCBuildConfiguration.h; sourceTree = "<group>"; };
		1117D0E6328E9752489B41D4 /* PBXTargetDependency.m */ = {isa = PBXFileReference; fileEncoding = 4; lastKnownFileType = sourcecode.c.objc; path = PBXTargetDependency.m; sourceTree = "<group>"; };
		1117D15D6188A08C9670BAE9 /* PGProjectFile.m */ = {isa = PBXFileReference; fileEncoding = 4; lastKnownFileType = sourcecode.c.objc; path = PGProjectFile.m; sourceTree = "<group>"; };
		1117D185CEF64CC4C899EA52 /* PBXFileElement.m */ = {isa = PBXFileReference; fileEncoding = 4; lastKnownFileType = sourcecode.c.objc; path = PBXFileElement.m; sourceTree = "<group>"; };
		1117D203BC1EBEF34E55295A /* PBXBuildFile.m */ = {isa = PBXFileReference; fileEncoding = 4; lastKnownFileType = sourcecode.c.objc; path = PBXBuildFile.m; sourceTree = "<group>"; };
		1117D250D3A2952935DB4F92 /* PBXItem.h */ = {isa = PBXFileReference; fileEncoding = 4; lastKnownFileType = sourcecode.c.h; path = PBXItem.h; sourceTree = "<group>"; };
		1117D29C921994A1775BDC67 /* PBXTarget.h */ = {isa = PBXFileReference; fileEncoding = 4; lastKnownFileType = sourcecode.c.h; path = PBXTarget.h; sourceTree = "<group>"; };
		1117D3591C1E4899179E1D30 /* PBXProject.m */ = {isa = PBXFileReference; fileEncoding = 4; lastKnownFileType = sourcecode.c.objc; path = PBXProject.m; sourceTree = "<group>"; };
		1117D36711304D750673F6AF /* PBXVariantGroup.m */ = {isa = PBXFileReference; fileEncoding = 4; lastKnownFileType = sourcecode.c.objc; path = PBXVariantGroup.m; sourceTree = "<group>"; };
		1117D3BF5FF1DD90267EC33E /* PBXFileReference.m */ = {isa = PBXFileReference; fileEncoding = 4; lastKnownFileType = sourcecode.c.objc; path = PBXFileReference.m; sourceTree = "<group>"; };
		1117D3D63676B08B0532B8B1 /* PBXGroup.h */ = {isa = PBXFileReference; fileEncoding = 4; lastKnownFileType = sourcecode.c.h; path = PBXGroup.h; sourceTree = "<group>"; };
		1117D3F95229E211675E3E1A /* PBXBuildPhase.m */ = {isa = PBXFileReference; fileEncoding = 4; lastKnownFileType = sourcecode.c.objc; path = PBXBuildPhase.m; sourceTree = "<group>"; };
		1117D4A80DF8B12D3C4B1F45 /* PBXTarget.m */ = {isa = PBXFileReference; fileEncoding = 4; lastKnownFileType = sourcecode.c.objc; path = PBXTarget.m; sourceTree = "<group>"; };
		1117D5E62FF61A23C17291DC /* PBXAggregateTarget.m */ = {isa = PBXFileReference; fileEncoding = 4; lastKnownFileType = sourcecode.c.objc; path = PBXAggregateTarget.m; sourceTree = "<group>"; };
		1117D60B10EBB5F947D27ABD /* PBXAggregateTarget.h */ = {isa = PBXFileReference; fileEncoding = 4; lastKnownFileType = sourcecode.c.h; path = PBXAggregateTarget.h; sourceTree = "<group>"; };
		1117D61B61400A5DE31674A9 /* PGProjectFile.h */ = {isa = PBXFileReference; fileEncoding = 4; lastKnownFileType = sourcecode.c.h; path = PGProjectFile.h; sourceTree = "<group>"; };
		1117D66D2903769B7803E5AD /* PBXFileElement.h */ = {isa = PBXFileReference; fileEncoding = 4; lastKnownFileType = sourcecode.c.h; path = PBXFileElement.h; sourceTree = "<group>"; };
		1117D765CDF5534CD55A2B80 /* XCBuildConfiguration.m */ = {isa = PBXFileReference; fileEncoding = 4; lastKnownFileType = sourcecode.c.objc; path = XCBuildConfiguration.m; sourceTree = "<group>"; };
		1117D7DB3CB2BD8BEAF7FF43 /* PBXBuildFile.h */ = {isa = PBXFileReference; fileEncoding = 4; lastKnownFileType = sourcecode.c.h; path = PBXBuildFile.h; sourceTree = "<group>"; };
		1117D7DE1E0A4802AA39D97F /* PBXItem.m */ = {isa = PBXFileReference; fileEncoding = 4; lastKnownFileType = sourcecode.c.objc; path = PBXItem.m; sourceTree = "<group>"; };
		1117D8540DAEB657879E8E4A /* PGRunInfo.h */ = {isa = PBXFileReference; fileEncoding = 4; lastKnownFileType = sourcecode.c.h; path = PGRunInfo.h; sourceTree = "<group>"; };
		1117D9A87E94FE1A27BCF8C7 /* PBXLegacyTarget.m */ = {isa = PBXFileReference; fileEncoding = 4; lastKnownFileType = sourcecode.c.objc; path = PBXLegacyTarget.m; sourceTree = "<group>"; };
		1117D9FC9C8821CB054613A0 /* PBXBuildPhase.h */ = {isa = PBXFileReference; fileEncoding = 4; lastKnownFileType = sourcecode.c.h; path = PBXBuildPhase.h; sourceTree = "<group>"; };
		1117DA1848D6F5F5D2E72841 /* PBXProject.h */ = {isa = PBXFileReference; fileEncoding = 4; lastKnownFileType = sourcecode.c.h; path = PBXProject.h; sourceTree = "<group>"; };
		1117DA21A8D95A4F700D8C61 /* README.md */ = {isa = PBXFileReference; fileEncoding = 4; lastKnownFileType = net.daringfireball.markdown; path = README.md; sourceTree = "<group>"; };
		1117DAF15BB09C93919333E5 /* PBXLegacyTarget.h */ = {isa = PBXFileReference; fileEncoding = 4; lastKnownFileType = sourcecode.c.h; path = PBXLegacyTarget.h; sourceTree = "<group>"; };
		1117DC8D695D8AD4BC6A6803 /* LICENSE */ = {isa = PBXFileReference; fileEncoding = 4; lastKnownFileType = text; path = LICENSE; sourceTree = "<group>"; };
		1117DD20800FFE368F535032 /* PBXGroup.m */ = {isa = PBXFileReference; fileEncoding = 4; lastKnownFileType = sourcecode.c.objc; path = PBXGroup.m; sourceTree = "<group>"; };
		1117DD40F15C0A31FEA7645C /* XCConfigurationList.m */ = {isa = PBXFileReference; fileEncoding = 4; lastKnownFileType = sourcecode.c.objc; path = XCConfigurationList.m; sourceTree = "<group>"; };
		1117DD5D7B75243608FDD913 /* PBXNativeTarget.h */ = {isa = PBXFileReference; fileEncoding = 4; lastKnownFileType = sourcecode.c.h; path = PBXNativeTarget.h; sourceTree = "<group>"; };
		1117DD615A681AF8C3D22DD9 /* PBXVariantGroup.h */ = {isa = PBXFileReference; fileEncoding = 4; lastKnownFileType = sourcecode.c.h; path = PBXVariantGroup.h; sourceTree = "<group>"; };
		1117DD6FFD9B35DBB084E95E /* PBXFileReference.h */ = {isa = PBXFileReference; fileEncoding = 4; lastKnownFileType = sourcecode.c.h; path = PBXFileReference.h; sourceTree = "<group>"; };
		1117DDD40803A22835BE8D24 /* XCConfigurationList.h */ = {isa = PBXFileReference; fileEncoding = 4; lastKnownFileType = sourcecode.c.h; path = XCConfigurationList.h; sourceTree = "<group>"; };
		1117DDE29F95395F83425ACC /* PBXTargetDependency.h */ = {isa = PBXFileReference; fileEncoding = 4; lastKnownFileType = sourcecode.c.h; path = PBXTargetDependency.h; sourceTree = "<group>"; };
		1117DDF9822F1E82D4762BE9 /* PBXNativeTarget.m */ = {isa = PBXFileReference; fileEncoding = 4; lastKnownFileType = sourcecode.c.objc; path = PBXNativeTarget.m; sourceTree = "<group>"; };
		1117DF0EA8EB8A003F400D04 /* PGRunInfo.m */ = {isa = PBXFileReference; fileEncoding = 4; lastKnownFileType = sourcecode.c.objc; path = PGRunInfo.m; sourceTree = "<group>"; };
		83E1B3932370808500427C23 /* PBXBuilder */ = {isa = PBXFileReference; explicitFileType = "compiled.mach-o.executable"; includeInIndex = 0; path = PBXBuilder; sourceTree = BUILT_PRODUCTS_DIR; };
		83E1B3962370808500427C23 /* main.m */ = {isa = PBXFileReference; lastKnownFileType = sourcecode.c.objc; path = main.m; sourceTree = "<group>"; };
/* End PBXFileReference section */

/* Begin PBXFrameworksBuildPhase section */
		83E1B3902370808500427C23 /* Frameworks */ = {
			isa = PBXFrameworksBuildPhase;
			buildActionMask = 2147483647;
			files = (
			);
			runOnlyForDeploymentPostprocessing = 0;
		};
/* End PBXFrameworksBuildPhase section */

/* Begin PBXGroup section */
		1117D076ED57672F989219AE /* Impl */ = {
			isa = PBXGroup;
			children = (
				1117DD5D7B75243608FDD913 /* PBXNativeTarget.h */,
				1117DDF9822F1E82D4762BE9 /* PBXNativeTarget.m */,
				1117D5E62FF61A23C17291DC /* PBXAggregateTarget.m */,
				1117D60B10EBB5F947D27ABD /* PBXAggregateTarget.h */,
				1117D9A87E94FE1A27BCF8C7 /* PBXLegacyTarget.m */,
				1117DAF15BB09C93919333E5 /* PBXLegacyTarget.h */,
			);
			path = Impl;
			sourceTree = "<group>";
		};
		1117D357A1A0449AE3BFF168 /* Config */ = {
			isa = PBXGroup;
			children = (
				1117DDD40803A22835BE8D24 /* XCConfigurationList.h */,
				1117D085F238B39EF20474BB /* XCBuildConfiguration.h */,
				1117D765CDF5534CD55A2B80 /* XCBuildConfiguration.m */,
				1117DD40F15C0A31FEA7645C /* XCConfigurationList.m */,
			);
			path = Config;
			sourceTree = "<group>";
		};
		1117D3C0337390B310F13D1B /* Impl */ = {
			isa = PBXGroup;
			children = (
				1117D3BF5FF1DD90267EC33E /* PBXFileReference.m */,
				1117DD20800FFE368F535032 /* PBXGroup.m */,
				1117D36711304D750673F6AF /* PBXVariantGroup.m */,
				1117D3D63676B08B0532B8B1 /* PBXGroup.h */,
				1117DD6FFD9B35DBB084E95E /* PBXFileReference.h */,
				1117DD615A681AF8C3D22DD9 /* PBXVariantGroup.h */,
			);
			path = Impl;
			sourceTree = "<group>";
		};
		1117D4E62053D39B5C9BC623 /* PBX */ = {
			isa = PBXGroup;
			children = (
				1117D7DE1E0A4802AA39D97F /* PBXItem.m */,
				1117D250D3A2952935DB4F92 /* PBXItem.h */,
				1117D3591C1E4899179E1D30 /* PBXProject.m */,
				1117DA1848D6F5F5D2E72841 /* PBXProject.h */,
				1117DA153F61E8CDF143C671 /* Target */,
				1117D567D3EA43857831368F /* Build */,
				1117DBA578E30B922D2067F7 /* FileElement */,
			);
			path = PBX;
			sourceTree = "<group>";
		};
		1117D567D3EA43857831368F /* Build */ = {
			isa = PBXGroup;
			children = (
				1117D203BC1EBEF34E55295A /* PBXBuildFile.m */,
				1117D7DB3CB2BD8BEAF7FF43 /* PBXBuildFile.h */,
				1117D357A1A0449AE3BFF168 /* Config */,
				1117D57DA8D4EE0F1DBBB66A /* Phase */,
			);
			path = Build;
			sourceTree = "<group>";
		};
		1117D57DA8D4EE0F1DBBB66A /* Phase */ = {
			isa = PBXGroup;
			children = (
				1117D3F95229E211675E3E1A /* PBXBuildPhase.m */,
				1117D9FC9C8821CB054613A0 /* PBXBuildPhase.h */,
				1117DAC2B8E9771BA5DFAC76 /* Impl */,
			);
			path = Phase;
			sourceTree = "<group>";
		};
		1117DA153F61E8CDF143C671 /* Target */ = {
			isa = PBXGroup;
			children = (
				1117D4A80DF8B12D3C4B1F45 /* PBXTarget.m */,
				1117D29C921994A1775BDC67 /* PBXTarget.h */,
				1117D076ED57672F989219AE /* Impl */,
				1117D0E6328E9752489B41D4 /* PBXTargetDependency.m */,
				1117DDE29F95395F83425ACC /* PBXTargetDependency.h */,
			);
			path = Target;
			sourceTree = "<group>";
		};
		1117DAC2B8E9771BA5DFAC76 /* Impl */ = {
			isa = PBXGroup;
			children = (
			);
			path = Impl;
			sourceTree = "<group>";
		};
		1117DBA578E30B922D2067F7 /* FileElement */ = {
			isa = PBXGroup;
			children = (
				1117D3C0337390B310F13D1B /* Impl */,
				1117D66D2903769B7803E5AD /* PBXFileElement.h */,
				1117D185CEF64CC4C899EA52 /* PBXFileElement.m */,
			);
			path = FileElement;
			sourceTree = "<group>";
		};
		83E1B38A2370808500427C23 = {
			isa = PBXGroup;
			children = (
				83E1B3952370808500427C23 /* PBXBuilder */,
				83E1B3942370808500427C23 /* Products */,
				1117DA21A8D95A4F700D8C61 /* README.md */,
				1117DC8D695D8AD4BC6A6803 /* LICENSE */,
			);
			sourceTree = "<group>";
		};
		83E1B3942370808500427C23 /* Products */ = {
			isa = PBXGroup;
			children = (
				83E1B3932370808500427C23 /* PBXBuilder */,
			);
			name = Products;
			sourceTree = "<group>";
		};
		83E1B3952370808500427C23 /* PBXBuilder */ = {
			isa = PBXGroup;
			children = (
				83E1B3962370808500427C23 /* main.m */,
				1117DF0EA8EB8A003F400D04 /* PGRunInfo.m */,
				1117D8540DAEB657879E8E4A /* PGRunInfo.h */,
				1117D4E62053D39B5C9BC623 /* PBX */,
				1117D15D6188A08C9670BAE9 /* PGProjectFile.m */,
				1117D61B61400A5DE31674A9 /* PGProjectFile.h */,
			);
			path = PBXBuilder;
			sourceTree = "<group>";
		};
/* End PBXGroup section */

/* Begin PBXNativeTarget section */
		83E1B3922370808500427C23 /* PBXBuilder */ = {
			isa = PBXNativeTarget;
			buildConfigurationList = 83E1B39A2370808500427C23 /* Build configuration list for PBXNativeTarget "PBXBuilder" */;
			buildPhases = (
				83E1B38F2370808500427C23 /* Sources */,
				83E1B3902370808500427C23 /* Frameworks */,
				83E1B3912370808500427C23 /* CopyFiles */,
			);
			buildRules = (
			);
			dependencies = (
			);
			name = PBXBuilder;
			productName = PBXBuilder;
			productReference = 83E1B3932370808500427C23 /* PBXBuilder */;
			productType = "com.apple.product-type.tool";
		};
/* End PBXNativeTarget section */

/* Begin PBXProject section */
		83E1B38B2370808500427C23 /* Project object */ = {
			isa = PBXProject;
			attributes = {
				LastUpgradeCheck = 1120;
				ORGANIZATIONNAME = "Project Galen";
				TargetAttributes = {
					83E1B3922370808500427C23 = {
						CreatedOnToolsVersion = 11.2;
					};
				};
			};
			buildConfigurationList = 83E1B38E2370808500427C23 /* Build configuration list for PBXProject "PBXBuilder" */;
			compatibilityVersion = "Xcode 9.3";
			developmentRegion = en;
			hasScannedForEncodings = 0;
			knownRegions = (
				en,
				Base,
			);
			mainGroup = 83E1B38A2370808500427C23;
			productRefGroup = 83E1B3942370808500427C23 /* Products */;
			projectDirPath = "";
			projectRoot = "";
			targets = (
				83E1B3922370808500427C23 /* PBXBuilder */,
			);
		};
/* End PBXProject section */

/* Begin PBXSourcesBuildPhase section */
		83E1B38F2370808500427C23 /* Sources */ = {
			isa = PBXSourcesBuildPhase;
			buildActionMask = 2147483647;
			files = (
				83E1B3972370808500427C23 /* main.m in Sources */,
				1117D130C154ED3877473A4F /* PGRunInfo.m in Sources */,
				1117D59D82018B00FB6E5EC0 /* PBXItem.m in Sources */,
				1117DDCB761B6E8D3B0E6DE6 /* PBXProject.m in Sources */,
				1117D46E89D587A6B24C7818 /* PBXTarget.m in Sources */,
				1117DD221DB7CC4910F140BC /* PGProjectFile.m in Sources */,
				1117D3178F13224AD2B4B0EB /* PBXNativeTarget.m in Sources */,
				1117D283F30FC63CDC9C5780 /* PBXAggregateTarget.m in Sources */,
				1117DE81E264CA96C67F3EEF /* PBXLegacyTarget.m in Sources */,
				1117DBE5355E94A2B78D2748 /* PBXBuildFile.m in Sources */,
				1117DB5039A2054A65A79F53 /* XCBuildConfiguration.m in Sources */,
				1117D7244263595A65CFCD8E /* XCConfigurationList.m in Sources */,
				1117DE9AB3653ABD34F79BDD /* PBXBuildPhase.m in Sources */,
				1117D6096F99E28D714F7A60 /* PBXFileReference.m in Sources */,
				1117D3876CFE855DD77EC6AE /* PBXGroup.m in Sources */,
				1117DD86D357EF372D14C774 /* PBXVariantGroup.m in Sources */,
				1117D797ED81B215242B7E77 /* PBXFileElement.m in Sources */,
				1117DB475991EE632782514B /* PBXTargetDependency.m in Sources */,
			);
			runOnlyForDeploymentPostprocessing = 0;
		};
/* End PBXSourcesBuildPhase section */

/* Begin XCBuildConfiguration section */
		83E1B3982370808500427C23 /* Debug */ = {
			isa = XCBuildConfiguration;
			buildSettings = {
				ALWAYS_SEARCH_USER_PATHS = NO;
				CLANG_ANALYZER_NONNULL = YES;
				CLANG_ANALYZER_NUMBER_OBJECT_CONVERSION = YES_AGGRESSIVE;
				CLANG_CXX_LANGUAGE_STANDARD = "gnu++14";
				CLANG_CXX_LIBRARY = "libc++";
				CLANG_ENABLE_MODULES = YES;
				CLANG_ENABLE_OBJC_ARC = YES;
				CLANG_ENABLE_OBJC_WEAK = YES;
				CLANG_WARN_BLOCK_CAPTURE_AUTORELEASING = YES;
				CLANG_WARN_BOOL_CONVERSION = YES;
				CLANG_WARN_COMMA = YES;
				CLANG_WARN_CONSTANT_CONVERSION = YES;
				CLANG_WARN_DEPRECATED_OBJC_IMPLEMENTATIONS = YES;
				CLANG_WARN_DIRECT_OBJC_ISA_USAGE = YES_ERROR;
				CLANG_WARN_DOCUMENTATION_COMMENTS = YES;
				CLANG_WARN_EMPTY_BODY = YES;
				CLANG_WARN_ENUM_CONVERSION = YES;
				CLANG_WARN_INFINITE_RECURSION = YES;
				CLANG_WARN_INT_CONVERSION = YES;
				CLANG_WARN_NON_LITERAL_NULL_CONVERSION = YES;
				CLANG_WARN_OBJC_IMPLICIT_RETAIN_SELF = YES;
				CLANG_WARN_OBJC_LITERAL_CONVERSION = YES;
				CLANG_WARN_OBJC_ROOT_CLASS = YES_ERROR;
				CLANG_WARN_RANGE_LOOP_ANALYSIS = YES;
				CLANG_WARN_STRICT_PROTOTYPES = YES;
				CLANG_WARN_SUSPICIOUS_MOVE = YES;
				CLANG_WARN_UNGUARDED_AVAILABILITY = YES_AGGRESSIVE;
				CLANG_WARN_UNREACHABLE_CODE = YES;
				CLANG_WARN__DUPLICATE_METHOD_MATCH = YES;
				COPY_PHASE_STRIP = NO;
				DEBUG_INFORMATION_FORMAT = dwarf;
				ENABLE_STRICT_OBJC_MSGSEND = YES;
				ENABLE_TESTABILITY = YES;
				GCC_C_LANGUAGE_STANDARD = gnu11;
				GCC_DYNAMIC_NO_PIC = NO;
				GCC_NO_COMMON_BLOCKS = YES;
				GCC_OPTIMIZATION_LEVEL = 0;
				GCC_PREPROCESSOR_DEFINITIONS = (
					"DEBUG=1",
					"$(inherited)",
				);
				GCC_WARN_64_TO_32_BIT_CONVERSION = YES;
				GCC_WARN_ABOUT_RETURN_TYPE = YES_ERROR;
				GCC_WARN_UNDECLARED_SELECTOR = YES;
				GCC_WARN_UNINITIALIZED_AUTOS = YES_AGGRESSIVE;
				GCC_WARN_UNUSED_FUNCTION = YES;
				GCC_WARN_UNUSED_VARIABLE = YES;
				MACOSX_DEPLOYMENT_TARGET = 10.15;
				MTL_ENABLE_DEBUG_INFO = INCLUDE_SOURCE;
				MTL_FAST_MATH = YES;
				ONLY_ACTIVE_ARCH = YES;
				SDKROOT = macosx;
			};
			name = Debug;
		};
		83E1B3992370808500427C23 /* Release */ = {
			isa = XCBuildConfiguration;
			buildSettings = {
				ALWAYS_SEARCH_USER_PATHS = NO;
				CLANG_ANALYZER_NONNULL = YES;
				CLANG_ANALYZER_NUMBER_OBJECT_CONVERSION = YES_AGGRESSIVE;
				CLANG_CXX_LANGUAGE_STANDARD = "gnu++14";
				CLANG_CXX_LIBRARY = "libc++";
				CLANG_ENABLE_MODULES = YES;
				CLANG_ENABLE_OBJC_ARC = YES;
				CLANG_ENABLE_OBJC_WEAK = YES;
				CLANG_WARN_BLOCK_CAPTURE_AUTORELEASING = YES;
				CLANG_WARN_BOOL_CONVERSION = YES;
				CLANG_WARN_COMMA = YES;
				CLANG_WARN_CONSTANT_CONVERSION = YES;
				CLANG_WARN_DEPRECATED_OBJC_IMPLEMENTATIONS = YES;
				CLANG_WARN_DIRECT_OBJC_ISA_USAGE = YES_ERROR;
				CLANG_WARN_DOCUMENTATION_COMMENTS = YES;
				CLANG_WARN_EMPTY_BODY = YES;
				CLANG_WARN_ENUM_CONVERSION = YES;
				CLANG_WARN_INFINITE_RECURSION = YES;
				CLANG_WARN_INT_CONVERSION = YES;
				CLANG_WARN_NON_LITERAL_NULL_CONVERSION = YES;
				CLANG_WARN_OBJC_IMPLICIT_RETAIN_SELF = YES;
				CLANG_WARN_OBJC_LITERAL_CONVERSION = YES;
				CLANG_WARN_OBJC_ROOT_CLASS = YES_ERROR;
				CLANG_WARN_RANGE_LOOP_ANALYSIS = YES;
				CLANG_WARN_STRICT_PROTOTYPES = YES;
				CLANG_WARN_SUSPICIOUS_MOVE = YES;
				CLANG_WARN_UNGUARDED_AVAILABILITY = YES_AGGRESSIVE;
				CLANG_WARN_UNREACHABLE_CODE = YES;
				CLANG_WARN__DUPLICATE_METHOD_MATCH = YES;
				COPY_PHASE_STRIP = NO;
				DEBUG_INFORMATION_FORMAT = "dwarf-with-dsym";
				ENABLE_NS_ASSERTIONS = NO;
				ENABLE_STRICT_OBJC_MSGSEND = YES;
				GCC_C_LANGUAGE_STANDARD = gnu11;
				GCC_NO_COMMON_BLOCKS = YES;
				GCC_WARN_64_TO_32_BIT_CONVERSION = YES;
				GCC_WARN_ABOUT_RETURN_TYPE = YES_ERROR;
				GCC_WARN_UNDECLARED_SELECTOR = YES;
				GCC_WARN_UNINITIALIZED_AUTOS = YES_AGGRESSIVE;
				GCC_WARN_UNUSED_FUNCTION = YES;
				GCC_WARN_UNUSED_VARIABLE = YES;
				MACOSX_DEPLOYMENT_TARGET = 10.15;
				MTL_ENABLE_DEBUG_INFO = NO;
				MTL_FAST_MATH = YES;
				SDKROOT = macosx;
			};
			name = Release;
		};
		83E1B39B2370808500427C23 /* Debug */ = {
			isa = XCBuildConfiguration;
			buildSettings = {
				CODE_SIGN_IDENTITY = "Apple Development";
				CODE_SIGN_STYLE = Automatic;
				DEVELOPMENT_TEAM = Q5XWZ7S7E9;
				ENABLE_HARDENED_RUNTIME = YES;
				PRODUCT_NAME = "$(TARGET_NAME)";
			};
			name = Debug;
		};
		83E1B39C2370808500427C23 /* Release */ = {
			isa = XCBuildConfiguration;
			buildSettings = {
				CODE_SIGN_IDENTITY = "Apple Development";
				CODE_SIGN_STYLE = Automatic;
				DEVELOPMENT_TEAM = Q5XWZ7S7E9;
				ENABLE_HARDENED_RUNTIME = YES;
				PRODUCT_NAME = "$(TARGET_NAME)";
			};
			name = Release;
		};
/* End XCBuildConfiguration section */

/* Begin XCConfigurationList section */
		83E1B38E2370808500427C23 /* Build configuration list for PBXProject "PBXBuilder" */ = {
			isa = XCConfigurationList;
			buildConfigurations = (
				83E1B3982370808500427C23 /* Debug */,
				83E1B3992370808500427C23 /* Release */,
			);
			defaultConfigurationIsVisible = 0;
			defaultConfigurationName = Release;
		};
		83E1B39A2370808500427C23 /* Build configuration list for PBXNativeTarget "PBXBuilder" */ = {
			isa = XCConfigurationList;
			buildConfigurations = (
				83E1B39B2370808500427C23 /* Debug */,
				83E1B39C2370808500427C23 /* Release */,
			);
			defaultConfigurationIsVisible = 0;
			defaultConfigurationName = Release;
		};
/* End XCConfigurationList section */
	};
	rootObject = 83E1B38B2370808500427C23 /* Project object */;
}
